{
  "version": 4,
  "terraform_version": "1.1.2",
  "serial": 29,
  "lineage": "83cb436c-2a87-1602-8a7f-d2a970d300a0",
  "outputs": {
    "key_name": {
      "value": "ecs_fargate",
      "type": "string"
    },
    "private_key_file": {
      "value": "../../.ssh/ecs_fargate_sample/ecs_fargate.id_rsa",
      "type": "string"
    },
    "private_key_pem": {
      "value": "-----BEGIN RSA PRIVATE KEY-----\nMIIJJwIBAAKCAgEA1lwst9D4SV17kgZYgJlt/Xo3BxKLOShfUfcesYV2Yq8nKr6F\ni0jbRZ1kCOkRocPGhLJUAwf4IEcZPjw8p8fAd68aTZMlmAdC6vW9MtubG0zC90TK\nIGeAfKVvvcEck76vd2IvKCTvOn7UKrcDPJf74vzZyPDYUk115UsPyw0y15lfFqH0\nh0YMpTrlgdxARkVNHXVVGeynz1Ctnh54WsSqv8qYksiohUdh8s74+9rnVSqkQmYo\n6bbhSRIyoOVvgh9wSmu0NUEMsKJJ3tuuNHdEwAMMdh2shmjY5Sw7GpRfw+JQlxxV\nIL8S4dKnyVcz7/ASlnm2+rEA5/4rvPXEsQeXHXVoQmtM7wgHZH3BBuNohwsPQLiF\n0T3YLMxlYzYW8uD/QhIfNmR5FgTe1hrELkvblJ7czU0KTiNe4p6azTmsm+o29cug\ngMDjCWu6/1M3oNEtVprNlAHwYm/rgYa0GSNg+5ssJGl+Kp71DliWMwH/BhO7aCoe\n7fYcPuxWxda0cPlM6eVRLN3pUemVqPgi7JxBS+o2H6FAdPY86nAD/VHTYipkyv1H\nCOf6/zAfDtye5ltTsEHuvVElKZjOPKqs/AR+uXvmm2ybUaYjXHhUqqRMx0hbze0P\nX7AqXMY03ewECZ6G0t973L+Rdj9hZ0prqAxtIJVAdlK4rt+wvuGqON3OuKkCAwEA\nAQKCAgB3vrH0VTX9tc0Lu6PA4vTAfn8y4jcHzPfCj+uDe2ywn+ufQyLStfZXox54\no8oHtZe2FPA9aTxAu7bsPzYa+8kWkqh84VBE5vmIy5HPUUIKNA1NmA3ZoDf0aW5M\ncA4IsqLOa/iv0kIZSTQ4UFfsh3JcUKdQSsps33yWhCHkahEWw0SNHhe9YXI68vW2\nX1VAbAIyDJNnkf4EH6t9AsR04BwKW6Bzjsgk+8VJoDkSaCyGNPXhabQ9Kr4a1aGW\no9RwuiM+T4Axp47xNRdS+SENifrL0Ggrq1PvGa7gBp9Vr8D3aftfDqK3UkW4BLda\nD+6hgFjB2mhPDoXVEvVX72rbAcR12JtZm5MYrKyrOAmqzyvgrQWI64b3X7LZKHvk\nYC1I8qlczDkU5PL7f/1+Ucf7nropijdEFf55bxpJVxAj2t2Cx7TqV84l6LANsXk8\n4fzffczKBmmm0SX6jYICpUQGglxPZIPIW3VhdHRc2zwjdEnVhTB6vIrpkaYe0c03\nUfV2DrDdN0cFQKjA2DpZk3wg9wcl0n2Hbwr56JAY3qeI1bQtEFLS0Kxw1U+ZO/2v\nM0vi+8muppT4gbBb3OHblE3MP1MX4HtkRLmDi8slMfF+8HP+6S/tiv2hANYXD+rZ\nwsZiJBIYdYuXRp8RvAzNn/+EQ54IHAyIfJ+6CQsXamig+P+FiQKCAQEA7WLUGeNo\nHXldIGfX6ko0pK4y2z7ghKtLJPUu1J22oWhheJwuTYU+WuvRoEdnueX/xYt5bUMm\nNgtJgYssgJ+KpufpLdhel2vGM0rA6lh/i8RTRze5uMbCOQncTg9GNlZmB4nhefw5\nJN7YxKpIGiCypTNSq4a4l2fXw53gVRMyiOghpZd6hdIR+6wyczYKcBhFsx5YX2H6\nLp7sYQazablm9aoFhbRZlty+1Ut/v7xuuYbzlqBI81OFfUfC6DukxscbOEDb48wH\nXHzkVl/vDL5I7HyV0KuW6TknM/IxYJ3ybV3xzsXlXu4FoBXe+Fvu3s60Qk2f3obQ\nW2BHba1U7JkUUwKCAQEA5ysiN8IixPskdoeUo9h3dFzmpG2Ih1D8Qjg+XaFH/xK/\nnIFqXSGgg2KPymWiXxGJPQ4K4FVcqxu86ATE02PDtMmIIQeoDQi8B0KCcHeg9zsP\nBhTUhK2ie8v7Lf8Sg6D4Krx6S2R749vFDijf3k66CM2JBP7KHPZTfxEitiq/LBVR\nlUWA5P3+7trHooUqbRth+ZcdVR+20lgDoidDErxGVMxtQGudDcpHtsJOkGUr53g4\nlzLFJ5eQPWKyuGfa3MavmE4nP4ri7XRlKTk2Xm8vYDq/XqvyvlyTIfINIRiMynNK\nfRUIRStDHtKh3bI3VMoZ2jkxmgX+LJAfz55wN4YfkwKCAQBKYZgiEH5UFe4XNFKU\nR/Ic07R9vELvbxjZmLW2y0ApbSJ1f0KG6cQzCwchGJ6owieVh3FhyhOUBY9ftvMX\nzmXMjIgk5FInUg7FjZvLEjXM3pRVkWFxQ14iLzPHhcOzTPklTY/IAD8LjYQQg2aa\nQTqYxu8Vbd4zGsehtLtRDPXdrha04zTx73PRDxCzxvAYVZKpYE3CfVm99/ALKuVW\nsFBRk5etYGhd/AcToFeEBZAQM/fpb4nMLJR8P9sTl3S3EDY4NyJvS0PXOA73/ZFS\nxeDlsNfkjY94vn7JKQ9Nvc/zcudMqfeH+j7q/U9jNLMxP0V+LQJ14Hoy14UqGZCt\nnf2fAoIBABlg/+m1M5ICrHci3Wu7iSnKRTwKFnIcrwUqHZaz7S6QxV6OSrocxf2G\npZin3dKoHzQHxaPpWzoh2nRyiZVXn5XKhlpx974ulk4JvD5Ss+ZQoo6dXNOQKIWE\n2HetSEARPQ2cEaUTTBKw/wpV7HYAmKX8wq08t73EQVhy7ienu8NAN+u2bLc3N3TL\nqh0ql4TQ+8mmEH9W8wBWz1dPDisRZntK0je/WMe5zHPBE1UA9nf8F+JpnYGCP0Cu\nBEcAh+OzIHYNJnvwaId/PtfuwwxNEpty962SHR1PFowkgdJ/Wn2jeKsQ0w6c+Ep6\n/3BSb4ashXgSzWJGhCgqToPBtjoyTGcCggEAFUCqiH+TEAg0aoP8sAFQvy1SiTGs\n2CRWeABepahh53Tj2Fbnf9tvjDht0UpTNzG4M0gOC3+s56omjIhngsRXFX5JpBHx\nbiSur4KvSJbyO8WP2SXw/aN572AID9uOtVUdYk/8aGtIY37xcUKkxUlB1QUO2VWs\n0/iRZjjshcL8K4bcS49csC8893GaRhIbfPBXoDEJElR/ubsCSlOb9/vMhjgRDzSS\nO28kSvY/FE6u7SaG8rnX0nUqv6UDXcos7QmI94BUt1CVfohRo1dSe+ng03AhYyzz\n3UwSdUGSfZ6yi9kx2QVc41DkD2rt9rOucWFTLFSUgqyl0W8RXVzqaX68fw==\n-----END RSA PRIVATE KEY-----\n",
      "type": "string",
      "sensitive": true
    },
    "public_key_file": {
      "value": "../../.ssh/ecs_fargate_sample/ecs_fargate.id_rsa.pub",
      "type": "string"
    },
    "public_key_openssh": {
      "value": "ssh-rsa AAAAB3NzaC1yc2EAAAADAQABAAACAQDWXCy30PhJXXuSBliAmW39ejcHEos5KF9R9x6xhXZirycqvoWLSNtFnWQI6RGhw8aEslQDB/ggRxk+PDynx8B3rxpNkyWYB0Lq9b0y25sbTML3RMogZ4B8pW+9wRyTvq93Yi8oJO86ftQqtwM8l/vi/NnI8NhSTXXlSw/LDTLXmV8WofSHRgylOuWB3EBGRU0ddVUZ7KfPUK2eHnhaxKq/ypiSyKiFR2Hyzvj72udVKqRCZijptuFJEjKg5W+CH3BKa7Q1QQywokne2640d0TAAwx2HayGaNjlLDsalF/D4lCXHFUgvxLh0qfJVzPv8BKWebb6sQDn/iu89cSxB5cddWhCa0zvCAdkfcEG42iHCw9AuIXRPdgszGVjNhby4P9CEh82ZHkWBN7WGsQuS9uUntzNTQpOI17inprNOayb6jb1y6CAwOMJa7r/Uzeg0S1Wms2UAfBib+uBhrQZI2D7mywkaX4qnvUOWJYzAf8GE7toKh7t9hw+7FbF1rRw+Uzp5VEs3elR6ZWo+CLsnEFL6jYfoUB09jzqcAP9UdNiKmTK/UcI5/r/MB8O3J7mW1OwQe69USUpmM48qqz8BH65e+abbJtRpiNceFSqpEzHSFvN7Q9fsCpcxjTd7AQJnobS33vcv5F2P2FnSmuoDG0glUB2Uriu37C+4ao43c64qQ==\n",
      "type": "string"
    }
  },
  "resources": [
    {
      "mode": "managed",
      "type": "aws_key_pair",
      "name": "key_pair",
      "provider": "provider[\"registry.terraform.io/hashicorp/aws\"]",
      "instances": [
        {
          "schema_version": 1,
          "attributes": {
            "arn": "arn:aws:ec2:ap-northeast-1:706169056500:key-pair/ecs_fargate",
            "fingerprint": "a8:d3:df:dd:7a:bc:04:01:0c:be:73:a6:27:ed:33:be",
            "id": "ecs_fargate",
            "key_name": "ecs_fargate",
            "key_name_prefix": "",
            "key_pair_id": "key-0effecfcee92fef4d",
            "public_key": "ssh-rsa AAAAB3NzaC1yc2EAAAADAQABAAACAQDWXCy30PhJXXuSBliAmW39ejcHEos5KF9R9x6xhXZirycqvoWLSNtFnWQI6RGhw8aEslQDB/ggRxk+PDynx8B3rxpNkyWYB0Lq9b0y25sbTML3RMogZ4B8pW+9wRyTvq93Yi8oJO86ftQqtwM8l/vi/NnI8NhSTXXlSw/LDTLXmV8WofSHRgylOuWB3EBGRU0ddVUZ7KfPUK2eHnhaxKq/ypiSyKiFR2Hyzvj72udVKqRCZijptuFJEjKg5W+CH3BKa7Q1QQywokne2640d0TAAwx2HayGaNjlLDsalF/D4lCXHFUgvxLh0qfJVzPv8BKWebb6sQDn/iu89cSxB5cddWhCa0zvCAdkfcEG42iHCw9AuIXRPdgszGVjNhby4P9CEh82ZHkWBN7WGsQuS9uUntzNTQpOI17inprNOayb6jb1y6CAwOMJa7r/Uzeg0S1Wms2UAfBib+uBhrQZI2D7mywkaX4qnvUOWJYzAf8GE7toKh7t9hw+7FbF1rRw+Uzp5VEs3elR6ZWo+CLsnEFL6jYfoUB09jzqcAP9UdNiKmTK/UcI5/r/MB8O3J7mW1OwQe69USUpmM48qqz8BH65e+abbJtRpiNceFSqpEzHSFvN7Q9fsCpcxjTd7AQJnobS33vcv5F2P2FnSmuoDG0glUB2Uriu37C+4ao43c64qQ==",
            "tags": {},
            "tags_all": {}
          },
          "sensitive_attributes": [],
          "private": "eyJzY2hlbWFfdmVyc2lvbiI6IjEifQ==",
          "dependencies": [
            "tls_private_key.keygen"
          ]
        }
      ]
    },
    {
      "mode": "managed",
      "type": "local_file",
      "name": "private_key_pem",
      "provider": "provider[\"registry.terraform.io/hashicorp/local\"]",
      "instances": [
        {
          "schema_version": 0,
          "attributes": {
            "content": "-----BEGIN RSA PRIVATE KEY-----\nMIIJJwIBAAKCAgEA1lwst9D4SV17kgZYgJlt/Xo3BxKLOShfUfcesYV2Yq8nKr6F\ni0jbRZ1kCOkRocPGhLJUAwf4IEcZPjw8p8fAd68aTZMlmAdC6vW9MtubG0zC90TK\nIGeAfKVvvcEck76vd2IvKCTvOn7UKrcDPJf74vzZyPDYUk115UsPyw0y15lfFqH0\nh0YMpTrlgdxARkVNHXVVGeynz1Ctnh54WsSqv8qYksiohUdh8s74+9rnVSqkQmYo\n6bbhSRIyoOVvgh9wSmu0NUEMsKJJ3tuuNHdEwAMMdh2shmjY5Sw7GpRfw+JQlxxV\nIL8S4dKnyVcz7/ASlnm2+rEA5/4rvPXEsQeXHXVoQmtM7wgHZH3BBuNohwsPQLiF\n0T3YLMxlYzYW8uD/QhIfNmR5FgTe1hrELkvblJ7czU0KTiNe4p6azTmsm+o29cug\ngMDjCWu6/1M3oNEtVprNlAHwYm/rgYa0GSNg+5ssJGl+Kp71DliWMwH/BhO7aCoe\n7fYcPuxWxda0cPlM6eVRLN3pUemVqPgi7JxBS+o2H6FAdPY86nAD/VHTYipkyv1H\nCOf6/zAfDtye5ltTsEHuvVElKZjOPKqs/AR+uXvmm2ybUaYjXHhUqqRMx0hbze0P\nX7AqXMY03ewECZ6G0t973L+Rdj9hZ0prqAxtIJVAdlK4rt+wvuGqON3OuKkCAwEA\nAQKCAgB3vrH0VTX9tc0Lu6PA4vTAfn8y4jcHzPfCj+uDe2ywn+ufQyLStfZXox54\no8oHtZe2FPA9aTxAu7bsPzYa+8kWkqh84VBE5vmIy5HPUUIKNA1NmA3ZoDf0aW5M\ncA4IsqLOa/iv0kIZSTQ4UFfsh3JcUKdQSsps33yWhCHkahEWw0SNHhe9YXI68vW2\nX1VAbAIyDJNnkf4EH6t9AsR04BwKW6Bzjsgk+8VJoDkSaCyGNPXhabQ9Kr4a1aGW\no9RwuiM+T4Axp47xNRdS+SENifrL0Ggrq1PvGa7gBp9Vr8D3aftfDqK3UkW4BLda\nD+6hgFjB2mhPDoXVEvVX72rbAcR12JtZm5MYrKyrOAmqzyvgrQWI64b3X7LZKHvk\nYC1I8qlczDkU5PL7f/1+Ucf7nropijdEFf55bxpJVxAj2t2Cx7TqV84l6LANsXk8\n4fzffczKBmmm0SX6jYICpUQGglxPZIPIW3VhdHRc2zwjdEnVhTB6vIrpkaYe0c03\nUfV2DrDdN0cFQKjA2DpZk3wg9wcl0n2Hbwr56JAY3qeI1bQtEFLS0Kxw1U+ZO/2v\nM0vi+8muppT4gbBb3OHblE3MP1MX4HtkRLmDi8slMfF+8HP+6S/tiv2hANYXD+rZ\nwsZiJBIYdYuXRp8RvAzNn/+EQ54IHAyIfJ+6CQsXamig+P+FiQKCAQEA7WLUGeNo\nHXldIGfX6ko0pK4y2z7ghKtLJPUu1J22oWhheJwuTYU+WuvRoEdnueX/xYt5bUMm\nNgtJgYssgJ+KpufpLdhel2vGM0rA6lh/i8RTRze5uMbCOQncTg9GNlZmB4nhefw5\nJN7YxKpIGiCypTNSq4a4l2fXw53gVRMyiOghpZd6hdIR+6wyczYKcBhFsx5YX2H6\nLp7sYQazablm9aoFhbRZlty+1Ut/v7xuuYbzlqBI81OFfUfC6DukxscbOEDb48wH\nXHzkVl/vDL5I7HyV0KuW6TknM/IxYJ3ybV3xzsXlXu4FoBXe+Fvu3s60Qk2f3obQ\nW2BHba1U7JkUUwKCAQEA5ysiN8IixPskdoeUo9h3dFzmpG2Ih1D8Qjg+XaFH/xK/\nnIFqXSGgg2KPymWiXxGJPQ4K4FVcqxu86ATE02PDtMmIIQeoDQi8B0KCcHeg9zsP\nBhTUhK2ie8v7Lf8Sg6D4Krx6S2R749vFDijf3k66CM2JBP7KHPZTfxEitiq/LBVR\nlUWA5P3+7trHooUqbRth+ZcdVR+20lgDoidDErxGVMxtQGudDcpHtsJOkGUr53g4\nlzLFJ5eQPWKyuGfa3MavmE4nP4ri7XRlKTk2Xm8vYDq/XqvyvlyTIfINIRiMynNK\nfRUIRStDHtKh3bI3VMoZ2jkxmgX+LJAfz55wN4YfkwKCAQBKYZgiEH5UFe4XNFKU\nR/Ic07R9vELvbxjZmLW2y0ApbSJ1f0KG6cQzCwchGJ6owieVh3FhyhOUBY9ftvMX\nzmXMjIgk5FInUg7FjZvLEjXM3pRVkWFxQ14iLzPHhcOzTPklTY/IAD8LjYQQg2aa\nQTqYxu8Vbd4zGsehtLtRDPXdrha04zTx73PRDxCzxvAYVZKpYE3CfVm99/ALKuVW\nsFBRk5etYGhd/AcToFeEBZAQM/fpb4nMLJR8P9sTl3S3EDY4NyJvS0PXOA73/ZFS\nxeDlsNfkjY94vn7JKQ9Nvc/zcudMqfeH+j7q/U9jNLMxP0V+LQJ14Hoy14UqGZCt\nnf2fAoIBABlg/+m1M5ICrHci3Wu7iSnKRTwKFnIcrwUqHZaz7S6QxV6OSrocxf2G\npZin3dKoHzQHxaPpWzoh2nRyiZVXn5XKhlpx974ulk4JvD5Ss+ZQoo6dXNOQKIWE\n2HetSEARPQ2cEaUTTBKw/wpV7HYAmKX8wq08t73EQVhy7ienu8NAN+u2bLc3N3TL\nqh0ql4TQ+8mmEH9W8wBWz1dPDisRZntK0je/WMe5zHPBE1UA9nf8F+JpnYGCP0Cu\nBEcAh+OzIHYNJnvwaId/PtfuwwxNEpty962SHR1PFowkgdJ/Wn2jeKsQ0w6c+Ep6\n/3BSb4ashXgSzWJGhCgqToPBtjoyTGcCggEAFUCqiH+TEAg0aoP8sAFQvy1SiTGs\n2CRWeABepahh53Tj2Fbnf9tvjDht0UpTNzG4M0gOC3+s56omjIhngsRXFX5JpBHx\nbiSur4KvSJbyO8WP2SXw/aN572AID9uOtVUdYk/8aGtIY37xcUKkxUlB1QUO2VWs\n0/iRZjjshcL8K4bcS49csC8893GaRhIbfPBXoDEJElR/ubsCSlOb9/vMhjgRDzSS\nO28kSvY/FE6u7SaG8rnX0nUqv6UDXcos7QmI94BUt1CVfohRo1dSe+ng03AhYyzz\n3UwSdUGSfZ6yi9kx2QVc41DkD2rt9rOucWFTLFSUgqyl0W8RXVzqaX68fw==\n-----END RSA PRIVATE KEY-----\n",
            "content_base64": null,
            "directory_permission": "0777",
            "file_permission": "0777",
            "filename": "../../.ssh/ecs_fargate_sample/ecs_fargate.id_rsa",
            "id": "7f578a944898b9124ed056e13f646096cba99a19",
            "sensitive_content": null,
            "source": null
          },
          "sensitive_attributes": [
            [
              {
                "type": "get_attr",
                "value": "content"
              }
            ]
          ],
          "private": "bnVsbA==",
          "dependencies": [
            "tls_private_key.keygen"
          ]
        }
      ]
    },
    {
      "mode": "managed",
      "type": "local_file",
      "name": "public_key_openssh",
      "provider": "provider[\"registry.terraform.io/hashicorp/local\"]",
      "instances": [
        {
          "schema_version": 0,
          "attributes": {
            "content": "ssh-rsa AAAAB3NzaC1yc2EAAAADAQABAAACAQDWXCy30PhJXXuSBliAmW39ejcHEos5KF9R9x6xhXZirycqvoWLSNtFnWQI6RGhw8aEslQDB/ggRxk+PDynx8B3rxpNkyWYB0Lq9b0y25sbTML3RMogZ4B8pW+9wRyTvq93Yi8oJO86ftQqtwM8l/vi/NnI8NhSTXXlSw/LDTLXmV8WofSHRgylOuWB3EBGRU0ddVUZ7KfPUK2eHnhaxKq/ypiSyKiFR2Hyzvj72udVKqRCZijptuFJEjKg5W+CH3BKa7Q1QQywokne2640d0TAAwx2HayGaNjlLDsalF/D4lCXHFUgvxLh0qfJVzPv8BKWebb6sQDn/iu89cSxB5cddWhCa0zvCAdkfcEG42iHCw9AuIXRPdgszGVjNhby4P9CEh82ZHkWBN7WGsQuS9uUntzNTQpOI17inprNOayb6jb1y6CAwOMJa7r/Uzeg0S1Wms2UAfBib+uBhrQZI2D7mywkaX4qnvUOWJYzAf8GE7toKh7t9hw+7FbF1rRw+Uzp5VEs3elR6ZWo+CLsnEFL6jYfoUB09jzqcAP9UdNiKmTK/UcI5/r/MB8O3J7mW1OwQe69USUpmM48qqz8BH65e+abbJtRpiNceFSqpEzHSFvN7Q9fsCpcxjTd7AQJnobS33vcv5F2P2FnSmuoDG0glUB2Uriu37C+4ao43c64qQ==\n",
            "content_base64": null,
            "directory_permission": "0777",
            "file_permission": "0777",
            "filename": "../../.ssh/ecs_fargate_sample/ecs_fargate.id_rsa.pub",
            "id": "691034e121c4fb945bbc04b59d8344c482ab6041",
            "sensitive_content": null,
            "source": null
          },
          "sensitive_attributes": [],
          "private": "bnVsbA==",
          "dependencies": [
            "tls_private_key.keygen"
          ]
        }
      ]
    },
    {
      "mode": "managed",
      "type": "tls_private_key",
      "name": "keygen",
      "provider": "provider[\"registry.terraform.io/hashicorp/tls\"]",
      "instances": [
        {
          "schema_version": 0,
          "attributes": {
            "algorithm": "RSA",
            "ecdsa_curve": "P224",
            "id": "04ac5e10d358f08331ea24a5cfeeb3a674c7a341",
            "private_key_pem": "-----BEGIN RSA PRIVATE KEY-----\nMIIJJwIBAAKCAgEA1lwst9D4SV17kgZYgJlt/Xo3BxKLOShfUfcesYV2Yq8nKr6F\ni0jbRZ1kCOkRocPGhLJUAwf4IEcZPjw8p8fAd68aTZMlmAdC6vW9MtubG0zC90TK\nIGeAfKVvvcEck76vd2IvKCTvOn7UKrcDPJf74vzZyPDYUk115UsPyw0y15lfFqH0\nh0YMpTrlgdxARkVNHXVVGeynz1Ctnh54WsSqv8qYksiohUdh8s74+9rnVSqkQmYo\n6bbhSRIyoOVvgh9wSmu0NUEMsKJJ3tuuNHdEwAMMdh2shmjY5Sw7GpRfw+JQlxxV\nIL8S4dKnyVcz7/ASlnm2+rEA5/4rvPXEsQeXHXVoQmtM7wgHZH3BBuNohwsPQLiF\n0T3YLMxlYzYW8uD/QhIfNmR5FgTe1hrELkvblJ7czU0KTiNe4p6azTmsm+o29cug\ngMDjCWu6/1M3oNEtVprNlAHwYm/rgYa0GSNg+5ssJGl+Kp71DliWMwH/BhO7aCoe\n7fYcPuxWxda0cPlM6eVRLN3pUemVqPgi7JxBS+o2H6FAdPY86nAD/VHTYipkyv1H\nCOf6/zAfDtye5ltTsEHuvVElKZjOPKqs/AR+uXvmm2ybUaYjXHhUqqRMx0hbze0P\nX7AqXMY03ewECZ6G0t973L+Rdj9hZ0prqAxtIJVAdlK4rt+wvuGqON3OuKkCAwEA\nAQKCAgB3vrH0VTX9tc0Lu6PA4vTAfn8y4jcHzPfCj+uDe2ywn+ufQyLStfZXox54\no8oHtZe2FPA9aTxAu7bsPzYa+8kWkqh84VBE5vmIy5HPUUIKNA1NmA3ZoDf0aW5M\ncA4IsqLOa/iv0kIZSTQ4UFfsh3JcUKdQSsps33yWhCHkahEWw0SNHhe9YXI68vW2\nX1VAbAIyDJNnkf4EH6t9AsR04BwKW6Bzjsgk+8VJoDkSaCyGNPXhabQ9Kr4a1aGW\no9RwuiM+T4Axp47xNRdS+SENifrL0Ggrq1PvGa7gBp9Vr8D3aftfDqK3UkW4BLda\nD+6hgFjB2mhPDoXVEvVX72rbAcR12JtZm5MYrKyrOAmqzyvgrQWI64b3X7LZKHvk\nYC1I8qlczDkU5PL7f/1+Ucf7nropijdEFf55bxpJVxAj2t2Cx7TqV84l6LANsXk8\n4fzffczKBmmm0SX6jYICpUQGglxPZIPIW3VhdHRc2zwjdEnVhTB6vIrpkaYe0c03\nUfV2DrDdN0cFQKjA2DpZk3wg9wcl0n2Hbwr56JAY3qeI1bQtEFLS0Kxw1U+ZO/2v\nM0vi+8muppT4gbBb3OHblE3MP1MX4HtkRLmDi8slMfF+8HP+6S/tiv2hANYXD+rZ\nwsZiJBIYdYuXRp8RvAzNn/+EQ54IHAyIfJ+6CQsXamig+P+FiQKCAQEA7WLUGeNo\nHXldIGfX6ko0pK4y2z7ghKtLJPUu1J22oWhheJwuTYU+WuvRoEdnueX/xYt5bUMm\nNgtJgYssgJ+KpufpLdhel2vGM0rA6lh/i8RTRze5uMbCOQncTg9GNlZmB4nhefw5\nJN7YxKpIGiCypTNSq4a4l2fXw53gVRMyiOghpZd6hdIR+6wyczYKcBhFsx5YX2H6\nLp7sYQazablm9aoFhbRZlty+1Ut/v7xuuYbzlqBI81OFfUfC6DukxscbOEDb48wH\nXHzkVl/vDL5I7HyV0KuW6TknM/IxYJ3ybV3xzsXlXu4FoBXe+Fvu3s60Qk2f3obQ\nW2BHba1U7JkUUwKCAQEA5ysiN8IixPskdoeUo9h3dFzmpG2Ih1D8Qjg+XaFH/xK/\nnIFqXSGgg2KPymWiXxGJPQ4K4FVcqxu86ATE02PDtMmIIQeoDQi8B0KCcHeg9zsP\nBhTUhK2ie8v7Lf8Sg6D4Krx6S2R749vFDijf3k66CM2JBP7KHPZTfxEitiq/LBVR\nlUWA5P3+7trHooUqbRth+ZcdVR+20lgDoidDErxGVMxtQGudDcpHtsJOkGUr53g4\nlzLFJ5eQPWKyuGfa3MavmE4nP4ri7XRlKTk2Xm8vYDq/XqvyvlyTIfINIRiMynNK\nfRUIRStDHtKh3bI3VMoZ2jkxmgX+LJAfz55wN4YfkwKCAQBKYZgiEH5UFe4XNFKU\nR/Ic07R9vELvbxjZmLW2y0ApbSJ1f0KG6cQzCwchGJ6owieVh3FhyhOUBY9ftvMX\nzmXMjIgk5FInUg7FjZvLEjXM3pRVkWFxQ14iLzPHhcOzTPklTY/IAD8LjYQQg2aa\nQTqYxu8Vbd4zGsehtLtRDPXdrha04zTx73PRDxCzxvAYVZKpYE3CfVm99/ALKuVW\nsFBRk5etYGhd/AcToFeEBZAQM/fpb4nMLJR8P9sTl3S3EDY4NyJvS0PXOA73/ZFS\nxeDlsNfkjY94vn7JKQ9Nvc/zcudMqfeH+j7q/U9jNLMxP0V+LQJ14Hoy14UqGZCt\nnf2fAoIBABlg/+m1M5ICrHci3Wu7iSnKRTwKFnIcrwUqHZaz7S6QxV6OSrocxf2G\npZin3dKoHzQHxaPpWzoh2nRyiZVXn5XKhlpx974ulk4JvD5Ss+ZQoo6dXNOQKIWE\n2HetSEARPQ2cEaUTTBKw/wpV7HYAmKX8wq08t73EQVhy7ienu8NAN+u2bLc3N3TL\nqh0ql4TQ+8mmEH9W8wBWz1dPDisRZntK0je/WMe5zHPBE1UA9nf8F+JpnYGCP0Cu\nBEcAh+OzIHYNJnvwaId/PtfuwwxNEpty962SHR1PFowkgdJ/Wn2jeKsQ0w6c+Ep6\n/3BSb4ashXgSzWJGhCgqToPBtjoyTGcCggEAFUCqiH+TEAg0aoP8sAFQvy1SiTGs\n2CRWeABepahh53Tj2Fbnf9tvjDht0UpTNzG4M0gOC3+s56omjIhngsRXFX5JpBHx\nbiSur4KvSJbyO8WP2SXw/aN572AID9uOtVUdYk/8aGtIY37xcUKkxUlB1QUO2VWs\n0/iRZjjshcL8K4bcS49csC8893GaRhIbfPBXoDEJElR/ubsCSlOb9/vMhjgRDzSS\nO28kSvY/FE6u7SaG8rnX0nUqv6UDXcos7QmI94BUt1CVfohRo1dSe+ng03AhYyzz\n3UwSdUGSfZ6yi9kx2QVc41DkD2rt9rOucWFTLFSUgqyl0W8RXVzqaX68fw==\n-----END RSA PRIVATE KEY-----\n",
            "public_key_fingerprint_md5": "0f:74:c5:bc:e4:dc:89:6a:91:d5:b5:24:2a:32:90:7e",
            "public_key_openssh": "ssh-rsa AAAAB3NzaC1yc2EAAAADAQABAAACAQDWXCy30PhJXXuSBliAmW39ejcHEos5KF9R9x6xhXZirycqvoWLSNtFnWQI6RGhw8aEslQDB/ggRxk+PDynx8B3rxpNkyWYB0Lq9b0y25sbTML3RMogZ4B8pW+9wRyTvq93Yi8oJO86ftQqtwM8l/vi/NnI8NhSTXXlSw/LDTLXmV8WofSHRgylOuWB3EBGRU0ddVUZ7KfPUK2eHnhaxKq/ypiSyKiFR2Hyzvj72udVKqRCZijptuFJEjKg5W+CH3BKa7Q1QQywokne2640d0TAAwx2HayGaNjlLDsalF/D4lCXHFUgvxLh0qfJVzPv8BKWebb6sQDn/iu89cSxB5cddWhCa0zvCAdkfcEG42iHCw9AuIXRPdgszGVjNhby4P9CEh82ZHkWBN7WGsQuS9uUntzNTQpOI17inprNOayb6jb1y6CAwOMJa7r/Uzeg0S1Wms2UAfBib+uBhrQZI2D7mywkaX4qnvUOWJYzAf8GE7toKh7t9hw+7FbF1rRw+Uzp5VEs3elR6ZWo+CLsnEFL6jYfoUB09jzqcAP9UdNiKmTK/UcI5/r/MB8O3J7mW1OwQe69USUpmM48qqz8BH65e+abbJtRpiNceFSqpEzHSFvN7Q9fsCpcxjTd7AQJnobS33vcv5F2P2FnSmuoDG0glUB2Uriu37C+4ao43c64qQ==\n",
            "public_key_pem": "-----BEGIN PUBLIC KEY-----\nMIICIjANBgkqhkiG9w0BAQEFAAOCAg8AMIICCgKCAgEA1lwst9D4SV17kgZYgJlt\n/Xo3BxKLOShfUfcesYV2Yq8nKr6Fi0jbRZ1kCOkRocPGhLJUAwf4IEcZPjw8p8fA\nd68aTZMlmAdC6vW9MtubG0zC90TKIGeAfKVvvcEck76vd2IvKCTvOn7UKrcDPJf7\n4vzZyPDYUk115UsPyw0y15lfFqH0h0YMpTrlgdxARkVNHXVVGeynz1Ctnh54WsSq\nv8qYksiohUdh8s74+9rnVSqkQmYo6bbhSRIyoOVvgh9wSmu0NUEMsKJJ3tuuNHdE\nwAMMdh2shmjY5Sw7GpRfw+JQlxxVIL8S4dKnyVcz7/ASlnm2+rEA5/4rvPXEsQeX\nHXVoQmtM7wgHZH3BBuNohwsPQLiF0T3YLMxlYzYW8uD/QhIfNmR5FgTe1hrELkvb\nlJ7czU0KTiNe4p6azTmsm+o29cuggMDjCWu6/1M3oNEtVprNlAHwYm/rgYa0GSNg\n+5ssJGl+Kp71DliWMwH/BhO7aCoe7fYcPuxWxda0cPlM6eVRLN3pUemVqPgi7JxB\nS+o2H6FAdPY86nAD/VHTYipkyv1HCOf6/zAfDtye5ltTsEHuvVElKZjOPKqs/AR+\nuXvmm2ybUaYjXHhUqqRMx0hbze0PX7AqXMY03ewECZ6G0t973L+Rdj9hZ0prqAxt\nIJVAdlK4rt+wvuGqON3OuKkCAwEAAQ==\n-----END PUBLIC KEY-----\n",
            "rsa_bits": 4096
          },
          "sensitive_attributes": [],
          "private": "bnVsbA=="
        }
      ]
    },
    {
      "module": "module.networking",
      "mode": "managed",
      "type": "aws_eip",
      "name": "nat_eip",
      "provider": "provider[\"registry.terraform.io/hashicorp/aws\"]",
      "instances": [
        {
          "schema_version": 0,
          "attributes": {
            "address": null,
            "allocation_id": "eipalloc-08a22fc53d611a693",
            "associate_with_private_ip": null,
            "association_id": "eipassoc-08f2fcc07378e2985",
            "carrier_ip": "",
            "customer_owned_ip": "",
            "customer_owned_ipv4_pool": "",
            "domain": "vpc",
            "id": "eipalloc-08a22fc53d611a693",
            "instance": "",
            "network_border_group": "ap-northeast-1",
            "network_interface": "eni-0e22f70df894003da",
            "private_dns": "ip-10-0-1-47.ap-northeast-1.compute.internal",
            "private_ip": "10.0.1.47",
            "public_dns": "ec2-13-231-73-186.ap-northeast-1.compute.amazonaws.com",
            "public_ip": "13.231.73.186",
            "public_ipv4_pool": "amazon",
            "tags": {},
            "tags_all": {},
            "timeouts": null,
            "vpc": true
          },
          "sensitive_attributes": [],
          "private": "eyJlMmJmYjczMC1lY2FhLTExZTYtOGY4OC0zNDM2M2JjN2M0YzAiOnsiZGVsZXRlIjoxODAwMDAwMDAwMDAsInJlYWQiOjkwMDAwMDAwMDAwMCwidXBkYXRlIjozMDAwMDAwMDAwMDB9fQ==",
          "dependencies": [
            "module.networking.aws_internet_gateway.ig",
            "module.networking.aws_vpc.vpc"
          ]
        }
      ]
    },
    {
      "module": "module.networking",
      "mode": "managed",
      "type": "aws_internet_gateway",
      "name": "ig",
      "provider": "provider[\"registry.terraform.io/hashicorp/aws\"]",
      "instances": [
        {
          "schema_version": 0,
          "attributes": {
            "arn": "arn:aws:ec2:ap-northeast-1:706169056500:internet-gateway/igw-05369785ab9bf26bb",
            "id": "igw-05369785ab9bf26bb",
            "owner_id": "706169056500",
            "tags": {
              "Environment": "production",
              "Name": "production-igw"
            },
            "tags_all": {
              "Environment": "production",
              "Name": "production-igw"
            },
            "vpc_id": "vpc-0298690a46596817f"
          },
          "sensitive_attributes": [],
          "private": "bnVsbA==",
          "dependencies": [
            "module.networking.aws_vpc.vpc"
          ]
        }
      ]
    },
    {
      "module": "module.networking",
      "mode": "managed",
      "type": "aws_nat_gateway",
      "name": "nat",
      "provider": "provider[\"registry.terraform.io/hashicorp/aws\"]",
      "instances": [
        {
          "schema_version": 0,
          "attributes": {
            "allocation_id": "eipalloc-08a22fc53d611a693",
            "connectivity_type": "public",
            "id": "nat-037582c2a01b04c83",
            "network_interface_id": "eni-0e22f70df894003da",
            "private_ip": "10.0.1.47",
            "public_ip": "13.231.73.186",
            "subnet_id": "subnet-0f6d2d11f4ccae1d6",
            "tags": {
              "Environment": "production",
              "Name": "production-ap-northeast-1a-nat"
            },
            "tags_all": {
              "Environment": "production",
              "Name": "production-ap-northeast-1a-nat"
            }
          },
          "sensitive_attributes": [],
          "private": "bnVsbA==",
          "dependencies": [
            "module.networking.aws_internet_gateway.ig",
            "module.networking.aws_subnet.public_subnet",
            "module.networking.aws_vpc.vpc",
            "module.networking.aws_eip.nat_eip"
          ]
        }
      ]
    },
    {
      "module": "module.networking",
      "mode": "managed",
      "type": "aws_route",
      "name": "private_nat_gateway",
      "provider": "provider[\"registry.terraform.io/hashicorp/aws\"]",
      "instances": [
        {
          "schema_version": 0,
          "attributes": {
            "carrier_gateway_id": "",
            "destination_cidr_block": "0.0.0.0/0",
            "destination_ipv6_cidr_block": "",
            "destination_prefix_list_id": "",
            "egress_only_gateway_id": "",
            "gateway_id": "",
            "id": "r-rtb-0e14ad84ac5aee1331080289494",
            "instance_id": "",
            "instance_owner_id": "",
            "local_gateway_id": "",
            "nat_gateway_id": "nat-037582c2a01b04c83",
            "network_interface_id": "",
            "origin": "CreateRoute",
            "route_table_id": "rtb-0e14ad84ac5aee133",
            "state": "active",
            "timeouts": null,
            "transit_gateway_id": "",
            "vpc_endpoint_id": "",
            "vpc_peering_connection_id": ""
          },
          "sensitive_attributes": [],
          "private": "eyJlMmJmYjczMC1lY2FhLTExZTYtOGY4OC0zNDM2M2JjN2M0YzAiOnsiY3JlYXRlIjozMDAwMDAwMDAwMDAsImRlbGV0ZSI6MzAwMDAwMDAwMDAwLCJ1cGRhdGUiOjEyMDAwMDAwMDAwMH19",
          "dependencies": [
            "module.networking.aws_route_table.private",
            "module.networking.aws_subnet.public_subnet",
            "module.networking.aws_vpc.vpc",
            "module.networking.aws_eip.nat_eip",
            "module.networking.aws_internet_gateway.ig",
            "module.networking.aws_nat_gateway.nat"
          ]
        }
      ]
    },
    {
      "module": "module.networking",
      "mode": "managed",
      "type": "aws_route",
      "name": "public_internet_gateway",
      "provider": "provider[\"registry.terraform.io/hashicorp/aws\"]",
      "instances": [
        {
          "schema_version": 0,
          "attributes": {
            "carrier_gateway_id": "",
            "destination_cidr_block": "0.0.0.0/0",
            "destination_ipv6_cidr_block": "",
            "destination_prefix_list_id": "",
            "egress_only_gateway_id": "",
            "gateway_id": "igw-05369785ab9bf26bb",
            "id": "r-rtb-02295385ccfa2e6831080289494",
            "instance_id": "",
            "instance_owner_id": "",
            "local_gateway_id": "",
            "nat_gateway_id": "",
            "network_interface_id": "",
            "origin": "CreateRoute",
            "route_table_id": "rtb-02295385ccfa2e683",
            "state": "active",
            "timeouts": null,
            "transit_gateway_id": "",
            "vpc_endpoint_id": "",
            "vpc_peering_connection_id": ""
          },
          "sensitive_attributes": [],
          "private": "eyJlMmJmYjczMC1lY2FhLTExZTYtOGY4OC0zNDM2M2JjN2M0YzAiOnsiY3JlYXRlIjozMDAwMDAwMDAwMDAsImRlbGV0ZSI6MzAwMDAwMDAwMDAwLCJ1cGRhdGUiOjEyMDAwMDAwMDAwMH19",
          "dependencies": [
            "module.networking.aws_internet_gateway.ig",
            "module.networking.aws_route_table.public",
            "module.networking.aws_vpc.vpc"
          ]
        }
      ]
    },
    {
      "module": "module.networking",
      "mode": "managed",
      "type": "aws_route_table",
      "name": "private",
      "provider": "provider[\"registry.terraform.io/hashicorp/aws\"]",
      "instances": [
        {
          "schema_version": 0,
          "attributes": {
            "arn": "arn:aws:ec2:ap-northeast-1:706169056500:route-table/rtb-0e14ad84ac5aee133",
            "id": "rtb-0e14ad84ac5aee133",
            "owner_id": "706169056500",
            "propagating_vgws": [],
            "route": [
              {
                "carrier_gateway_id": "",
                "cidr_block": "0.0.0.0/0",
                "destination_prefix_list_id": "",
                "egress_only_gateway_id": "",
                "gateway_id": "",
                "instance_id": "",
                "ipv6_cidr_block": "",
                "local_gateway_id": "",
                "nat_gateway_id": "nat-037582c2a01b04c83",
                "network_interface_id": "",
                "transit_gateway_id": "",
                "vpc_endpoint_id": "",
                "vpc_peering_connection_id": ""
              }
            ],
            "tags": {
              "Environment": "production",
              "Name": "production-private-route-table"
            },
            "tags_all": {
              "Environment": "production",
              "Name": "production-private-route-table"
            },
            "timeouts": null,
            "vpc_id": "vpc-0298690a46596817f"
          },
          "sensitive_attributes": [],
          "private": "eyJlMmJmYjczMC1lY2FhLTExZTYtOGY4OC0zNDM2M2JjN2M0YzAiOnsiY3JlYXRlIjozMDAwMDAwMDAwMDAsImRlbGV0ZSI6MzAwMDAwMDAwMDAwLCJ1cGRhdGUiOjEyMDAwMDAwMDAwMH19",
          "dependencies": [
            "module.networking.aws_vpc.vpc"
          ]
        }
      ]
    },
    {
      "module": "module.networking",
      "mode": "managed",
      "type": "aws_route_table",
      "name": "public",
      "provider": "provider[\"registry.terraform.io/hashicorp/aws\"]",
      "instances": [
        {
          "schema_version": 0,
          "attributes": {
            "arn": "arn:aws:ec2:ap-northeast-1:706169056500:route-table/rtb-02295385ccfa2e683",
            "id": "rtb-02295385ccfa2e683",
            "owner_id": "706169056500",
            "propagating_vgws": [],
            "route": [
              {
                "carrier_gateway_id": "",
                "cidr_block": "0.0.0.0/0",
                "destination_prefix_list_id": "",
                "egress_only_gateway_id": "",
                "gateway_id": "igw-05369785ab9bf26bb",
                "instance_id": "",
                "ipv6_cidr_block": "",
                "local_gateway_id": "",
                "nat_gateway_id": "",
                "network_interface_id": "",
                "transit_gateway_id": "",
                "vpc_endpoint_id": "",
                "vpc_peering_connection_id": ""
              }
            ],
            "tags": {
              "Environment": "production",
              "Name": "production-public-route-table"
            },
            "tags_all": {
              "Environment": "production",
              "Name": "production-public-route-table"
            },
            "timeouts": null,
            "vpc_id": "vpc-0298690a46596817f"
          },
          "sensitive_attributes": [],
          "private": "eyJlMmJmYjczMC1lY2FhLTExZTYtOGY4OC0zNDM2M2JjN2M0YzAiOnsiY3JlYXRlIjozMDAwMDAwMDAwMDAsImRlbGV0ZSI6MzAwMDAwMDAwMDAwLCJ1cGRhdGUiOjEyMDAwMDAwMDAwMH19",
          "dependencies": [
            "module.networking.aws_vpc.vpc"
          ]
        }
      ]
    },
    {
      "module": "module.networking",
      "mode": "managed",
      "type": "aws_route_table_association",
      "name": "private",
      "provider": "provider[\"registry.terraform.io/hashicorp/aws\"]",
      "instances": [
        {
          "index_key": 0,
          "schema_version": 0,
          "attributes": {
            "gateway_id": "",
            "id": "rtbassoc-0802c3789812bd38a",
            "route_table_id": "rtb-0e14ad84ac5aee133",
            "subnet_id": "subnet-030b6d2c2d295ba0a"
          },
          "sensitive_attributes": [],
          "private": "bnVsbA==",
          "dependencies": [
            "module.networking.aws_route_table.private",
            "module.networking.aws_subnet.private_subnet",
            "module.networking.aws_vpc.vpc"
          ]
        },
        {
          "index_key": 1,
          "schema_version": 0,
          "attributes": {
            "gateway_id": "",
            "id": "rtbassoc-03ae6eb36be08c118",
            "route_table_id": "rtb-0e14ad84ac5aee133",
            "subnet_id": "subnet-018722fee863afca8"
          },
          "sensitive_attributes": [],
          "private": "bnVsbA==",
          "dependencies": [
            "module.networking.aws_vpc.vpc",
            "module.networking.aws_route_table.private",
            "module.networking.aws_subnet.private_subnet"
          ]
        }
      ]
    },
    {
      "module": "module.networking",
      "mode": "managed",
      "type": "aws_route_table_association",
      "name": "public",
      "provider": "provider[\"registry.terraform.io/hashicorp/aws\"]",
      "instances": [
        {
          "index_key": 0,
          "schema_version": 0,
          "attributes": {
            "gateway_id": "",
            "id": "rtbassoc-0c875341fa4a067fd",
            "route_table_id": "rtb-02295385ccfa2e683",
            "subnet_id": "subnet-0f6d2d11f4ccae1d6"
          },
          "sensitive_attributes": [],
          "private": "bnVsbA==",
          "dependencies": [
            "module.networking.aws_vpc.vpc",
            "module.networking.aws_route_table.public",
            "module.networking.aws_subnet.public_subnet"
          ]
        },
        {
          "index_key": 1,
          "schema_version": 0,
          "attributes": {
            "gateway_id": "",
            "id": "rtbassoc-012e4a7a52e8a1efa",
            "route_table_id": "rtb-02295385ccfa2e683",
            "subnet_id": "subnet-0e90bbeedc815455c"
          },
          "sensitive_attributes": [],
          "private": "bnVsbA==",
          "dependencies": [
            "module.networking.aws_route_table.public",
            "module.networking.aws_subnet.public_subnet",
            "module.networking.aws_vpc.vpc"
          ]
        }
      ]
    },
    {
      "module": "module.networking",
      "mode": "managed",
      "type": "aws_security_group",
      "name": "default",
      "provider": "provider[\"registry.terraform.io/hashicorp/aws\"]",
      "instances": [
        {
          "schema_version": 1,
          "attributes": {
            "arn": "arn:aws:ec2:ap-northeast-1:706169056500:security-group/sg-07762dd9e9b70aea4",
            "description": "Default security group to allow inbound/outbound from the VPC",
            "egress": [
              {
                "cidr_blocks": [],
                "description": "",
                "from_port": 0,
                "ipv6_cidr_blocks": [],
                "prefix_list_ids": [],
                "protocol": "-1",
                "security_groups": [],
                "self": true,
                "to_port": 0
              }
            ],
            "id": "sg-07762dd9e9b70aea4",
            "ingress": [
              {
                "cidr_blocks": [],
                "description": "",
                "from_port": 0,
                "ipv6_cidr_blocks": [],
                "prefix_list_ids": [],
                "protocol": "-1",
                "security_groups": [],
                "self": true,
                "to_port": 0
              }
            ],
            "name": "production-default-sg",
            "name_prefix": "",
            "owner_id": "706169056500",
            "revoke_rules_on_delete": false,
            "tags": {
              "Environment": "production"
            },
            "tags_all": {
              "Environment": "production"
            },
            "timeouts": null,
            "vpc_id": "vpc-0298690a46596817f"
          },
          "sensitive_attributes": [],
          "private": "eyJlMmJmYjczMC1lY2FhLTExZTYtOGY4OC0zNDM2M2JjN2M0YzAiOnsiY3JlYXRlIjo2MDAwMDAwMDAwMDAsImRlbGV0ZSI6OTAwMDAwMDAwMDAwfSwic2NoZW1hX3ZlcnNpb24iOiIxIn0=",
          "dependencies": [
            "module.networking.aws_vpc.vpc"
          ]
        }
      ]
    },
    {
      "module": "module.networking",
      "mode": "managed",
      "type": "aws_subnet",
      "name": "private_subnet",
      "provider": "provider[\"registry.terraform.io/hashicorp/aws\"]",
      "instances": [
        {
          "index_key": 0,
          "schema_version": 1,
          "attributes": {
            "arn": "arn:aws:ec2:ap-northeast-1:706169056500:subnet/subnet-030b6d2c2d295ba0a",
            "assign_ipv6_address_on_creation": false,
            "availability_zone": "ap-northeast-1a",
            "availability_zone_id": "apne1-az4",
            "cidr_block": "10.0.10.0/24",
            "customer_owned_ipv4_pool": "",
            "id": "subnet-030b6d2c2d295ba0a",
            "ipv6_cidr_block": "",
            "ipv6_cidr_block_association_id": "",
            "map_customer_owned_ip_on_launch": false,
            "map_public_ip_on_launch": false,
            "outpost_arn": "",
            "owner_id": "706169056500",
            "tags": {
              "Environment": "production",
              "Name": "production-ap-northeast-1a-private-subnet"
            },
            "tags_all": {
              "Environment": "production",
              "Name": "production-ap-northeast-1a-private-subnet"
            },
            "timeouts": null,
            "vpc_id": "vpc-0298690a46596817f"
          },
          "sensitive_attributes": [],
          "private": "eyJlMmJmYjczMC1lY2FhLTExZTYtOGY4OC0zNDM2M2JjN2M0YzAiOnsiY3JlYXRlIjo2MDAwMDAwMDAwMDAsImRlbGV0ZSI6MTIwMDAwMDAwMDAwMH0sInNjaGVtYV92ZXJzaW9uIjoiMSJ9",
          "dependencies": [
            "module.networking.aws_vpc.vpc"
          ]
        },
        {
          "index_key": 1,
          "schema_version": 1,
          "attributes": {
            "arn": "arn:aws:ec2:ap-northeast-1:706169056500:subnet/subnet-018722fee863afca8",
            "assign_ipv6_address_on_creation": false,
            "availability_zone": "ap-northeast-1c",
            "availability_zone_id": "apne1-az1",
            "cidr_block": "10.0.20.0/24",
            "customer_owned_ipv4_pool": "",
            "id": "subnet-018722fee863afca8",
            "ipv6_cidr_block": "",
            "ipv6_cidr_block_association_id": "",
            "map_customer_owned_ip_on_launch": false,
            "map_public_ip_on_launch": false,
            "outpost_arn": "",
            "owner_id": "706169056500",
            "tags": {
              "Environment": "production",
              "Name": "production-ap-northeast-1c-private-subnet"
            },
            "tags_all": {
              "Environment": "production",
              "Name": "production-ap-northeast-1c-private-subnet"
            },
            "timeouts": null,
            "vpc_id": "vpc-0298690a46596817f"
          },
          "sensitive_attributes": [],
          "private": "eyJlMmJmYjczMC1lY2FhLTExZTYtOGY4OC0zNDM2M2JjN2M0YzAiOnsiY3JlYXRlIjo2MDAwMDAwMDAwMDAsImRlbGV0ZSI6MTIwMDAwMDAwMDAwMH0sInNjaGVtYV92ZXJzaW9uIjoiMSJ9",
          "dependencies": [
            "module.networking.aws_vpc.vpc"
          ]
        }
      ]
    },
    {
      "module": "module.networking",
      "mode": "managed",
      "type": "aws_subnet",
      "name": "public_subnet",
      "provider": "provider[\"registry.terraform.io/hashicorp/aws\"]",
      "instances": [
        {
          "index_key": 0,
          "schema_version": 1,
          "attributes": {
            "arn": "arn:aws:ec2:ap-northeast-1:706169056500:subnet/subnet-0f6d2d11f4ccae1d6",
            "assign_ipv6_address_on_creation": false,
            "availability_zone": "ap-northeast-1a",
            "availability_zone_id": "apne1-az4",
            "cidr_block": "10.0.1.0/24",
            "customer_owned_ipv4_pool": "",
            "id": "subnet-0f6d2d11f4ccae1d6",
            "ipv6_cidr_block": "",
            "ipv6_cidr_block_association_id": "",
            "map_customer_owned_ip_on_launch": false,
            "map_public_ip_on_launch": true,
            "outpost_arn": "",
            "owner_id": "706169056500",
            "tags": {
              "Environment": "production",
              "Name": "production-ap-northeast-1a-public-subnet"
            },
            "tags_all": {
              "Environment": "production",
              "Name": "production-ap-northeast-1a-public-subnet"
            },
            "timeouts": null,
            "vpc_id": "vpc-0298690a46596817f"
          },
          "sensitive_attributes": [],
          "private": "eyJlMmJmYjczMC1lY2FhLTExZTYtOGY4OC0zNDM2M2JjN2M0YzAiOnsiY3JlYXRlIjo2MDAwMDAwMDAwMDAsImRlbGV0ZSI6MTIwMDAwMDAwMDAwMH0sInNjaGVtYV92ZXJzaW9uIjoiMSJ9",
          "dependencies": [
            "module.networking.aws_vpc.vpc"
          ]
        },
        {
          "index_key": 1,
          "schema_version": 1,
          "attributes": {
            "arn": "arn:aws:ec2:ap-northeast-1:706169056500:subnet/subnet-0e90bbeedc815455c",
            "assign_ipv6_address_on_creation": false,
            "availability_zone": "ap-northeast-1c",
            "availability_zone_id": "apne1-az1",
            "cidr_block": "10.0.2.0/24",
            "customer_owned_ipv4_pool": "",
            "id": "subnet-0e90bbeedc815455c",
            "ipv6_cidr_block": "",
            "ipv6_cidr_block_association_id": "",
            "map_customer_owned_ip_on_launch": false,
            "map_public_ip_on_launch": true,
            "outpost_arn": "",
            "owner_id": "706169056500",
            "tags": {
              "Environment": "production",
              "Name": "production-ap-northeast-1c-public-subnet"
            },
            "tags_all": {
              "Environment": "production",
              "Name": "production-ap-northeast-1c-public-subnet"
            },
            "timeouts": null,
            "vpc_id": "vpc-0298690a46596817f"
          },
          "sensitive_attributes": [],
          "private": "eyJlMmJmYjczMC1lY2FhLTExZTYtOGY4OC0zNDM2M2JjN2M0YzAiOnsiY3JlYXRlIjo2MDAwMDAwMDAwMDAsImRlbGV0ZSI6MTIwMDAwMDAwMDAwMH0sInNjaGVtYV92ZXJzaW9uIjoiMSJ9",
          "dependencies": [
            "module.networking.aws_vpc.vpc"
          ]
        }
      ]
    },
    {
      "module": "module.networking",
      "mode": "managed",
      "type": "aws_vpc",
      "name": "vpc",
      "provider": "provider[\"registry.terraform.io/hashicorp/aws\"]",
      "instances": [
        {
          "schema_version": 1,
          "attributes": {
            "arn": "arn:aws:ec2:ap-northeast-1:706169056500:vpc/vpc-0298690a46596817f",
            "assign_generated_ipv6_cidr_block": false,
            "cidr_block": "10.0.0.0/16",
            "default_network_acl_id": "acl-0d14c201cb74eb83d",
            "default_route_table_id": "rtb-0c6a1250580f4c5c8",
            "default_security_group_id": "sg-0d6f9095a87fd3552",
            "dhcp_options_id": "dopt-04704313bd13d9f66",
            "enable_classiclink": false,
            "enable_classiclink_dns_support": false,
            "enable_dns_hostnames": true,
            "enable_dns_support": true,
            "id": "vpc-0298690a46596817f",
            "instance_tenancy": "default",
            "ipv4_ipam_pool_id": null,
            "ipv4_netmask_length": null,
            "ipv6_association_id": "",
            "ipv6_cidr_block": "",
            "ipv6_ipam_pool_id": null,
            "ipv6_netmask_length": null,
            "main_route_table_id": "rtb-0c6a1250580f4c5c8",
            "owner_id": "706169056500",
            "tags": {
              "Environment": "production",
              "Name": "production-vpc"
            },
            "tags_all": {
              "Environment": "production",
              "Name": "production-vpc"
            }
          },
          "sensitive_attributes": [],
          "private": "eyJzY2hlbWFfdmVyc2lvbiI6IjEifQ=="
        }
      ]
    },
    {
      "module": "module.rds",
      "mode": "managed",
      "type": "aws_db_instance",
      "name": "rds",
      "provider": "provider[\"registry.terraform.io/hashicorp/aws\"]",
      "instances": [
        {
          "schema_version": 1,
          "attributes": {
            "address": "production-database.co8smpv5kged.ap-northeast-1.rds.amazonaws.com",
            "allocated_storage": 20,
            "allow_major_version_upgrade": null,
            "apply_immediately": null,
            "arn": "arn:aws:rds:ap-northeast-1:706169056500:db:production-database",
            "auto_minor_version_upgrade": true,
            "availability_zone": "ap-northeast-1c",
            "backup_retention_period": 0,
            "backup_window": "17:27-17:57",
            "ca_cert_identifier": "rds-ca-2019",
            "character_set_name": "",
            "copy_tags_to_snapshot": false,
            "customer_owned_ip_enabled": false,
            "db_subnet_group_name": "production-rds-subnet-group",
            "delete_automated_backups": true,
            "deletion_protection": false,
            "domain": "",
            "domain_iam_role_name": "",
            "enabled_cloudwatch_logs_exports": null,
            "endpoint": "production-database.co8smpv5kged.ap-northeast-1.rds.amazonaws.com:5432",
            "engine": "postgres",
            "engine_version": "13.3",
            "engine_version_actual": "13.3",
            "final_snapshot_identifier": null,
            "hosted_zone_id": "Z24O6O9L7SGTNB",
            "iam_database_authentication_enabled": false,
            "id": "production-database",
            "identifier": "production-database",
            "identifier_prefix": null,
            "instance_class": "db.t3.micro",
            "iops": 0,
            "kms_key_id": "",
            "latest_restorable_time": "0001-01-01T00:00:00Z",
            "license_model": "postgresql-license",
            "maintenance_window": "mon:18:53-mon:19:23",
            "max_allocated_storage": 0,
            "monitoring_interval": 0,
            "monitoring_role_arn": "",
            "multi_az": false,
            "name": "postgres",
            "nchar_character_set_name": "",
            "option_group_name": "default:postgres-13",
            "parameter_group_name": "default.postgres13",
            "password": "password",
            "performance_insights_enabled": false,
            "performance_insights_kms_key_id": "",
            "performance_insights_retention_period": 0,
            "port": 5432,
            "publicly_accessible": false,
            "replica_mode": "",
            "replicas": [],
            "replicate_source_db": "",
            "resource_id": "db-MTU4YGJKDCT4MGUAFWHUHTJW34",
            "restore_to_point_in_time": [],
            "s3_import": [],
            "security_group_names": null,
            "skip_final_snapshot": true,
            "snapshot_identifier": null,
            "status": "available",
            "storage_encrypted": false,
            "storage_type": "gp2",
            "tags": {
              "Environment": "production"
            },
            "tags_all": {
              "Environment": "production"
            },
            "timeouts": null,
            "timezone": "",
            "username": "postgres",
            "vpc_security_group_ids": [
              "sg-0c07145934b0e675d"
            ]
          },
          "sensitive_attributes": [],
          "private": "eyJlMmJmYjczMC1lY2FhLTExZTYtOGY4OC0zNDM2M2JjN2M0YzAiOnsiY3JlYXRlIjoyNDAwMDAwMDAwMDAwLCJkZWxldGUiOjM2MDAwMDAwMDAwMDAsInVwZGF0ZSI6NDgwMDAwMDAwMDAwMH0sInNjaGVtYV92ZXJzaW9uIjoiMSJ9",
          "dependencies": [
            "aws_key_pair.key_pair",
            "module.networking.aws_eip.nat_eip",
            "module.networking.aws_internet_gateway.ig",
            "module.networking.aws_nat_gateway.nat",
            "module.networking.aws_route.private_nat_gateway",
            "module.networking.aws_route.public_internet_gateway",
            "module.networking.aws_route_table.private",
            "module.networking.aws_route_table.public",
            "module.networking.aws_route_table_association.private",
            "module.networking.aws_route_table_association.public",
            "module.networking.aws_security_group.default",
            "module.networking.aws_subnet.private_subnet",
            "module.networking.aws_subnet.public_subnet",
            "module.networking.aws_vpc.vpc",
            "module.rds.aws_db_subnet_group.rds_subnet_group",
            "module.rds.aws_security_group.rds_sg"
          ]
        }
      ]
    },
    {
      "module": "module.rds",
      "mode": "managed",
      "type": "aws_db_subnet_group",
      "name": "rds_subnet_group",
      "provider": "provider[\"registry.terraform.io/hashicorp/aws\"]",
      "instances": [
        {
          "schema_version": 0,
          "attributes": {
            "arn": "arn:aws:rds:ap-northeast-1:706169056500:subgrp:production-rds-subnet-group",
            "description": "RDS subnet group",
            "id": "production-rds-subnet-group",
            "name": "production-rds-subnet-group",
            "name_prefix": null,
            "subnet_ids": [
              "subnet-018722fee863afca8",
              "subnet-030b6d2c2d295ba0a"
            ],
            "tags": {
              "Environment": "production"
            },
            "tags_all": {
              "Environment": "production"
            }
          },
          "sensitive_attributes": [],
          "private": "bnVsbA==",
          "dependencies": [
            "aws_key_pair.key_pair",
            "module.networking.aws_eip.nat_eip",
            "module.networking.aws_security_group.default",
            "tls_private_key.keygen",
            "module.networking.aws_route_table.public",
            "module.networking.aws_route.private_nat_gateway",
            "module.networking.aws_route.public_internet_gateway",
            "module.networking.aws_route_table_association.private",
            "module.networking.aws_subnet.private_subnet",
            "module.networking.aws_subnet.public_subnet",
            "module.networking.aws_vpc.vpc",
            "module.networking.aws_internet_gateway.ig",
            "module.networking.aws_nat_gateway.nat",
            "module.networking.aws_route_table.private",
            "module.networking.aws_route_table_association.public"
          ]
        }
      ]
    },
    {
      "module": "module.rds",
      "mode": "managed",
      "type": "aws_security_group",
      "name": "db_access_sg",
      "provider": "provider[\"registry.terraform.io/hashicorp/aws\"]",
      "instances": [
        {
          "schema_version": 1,
          "attributes": {
            "arn": "arn:aws:ec2:ap-northeast-1:706169056500:security-group/sg-0f8d287586cfaf6de",
            "description": "Allow access to RDS",
            "egress": [],
            "id": "sg-0f8d287586cfaf6de",
            "ingress": [],
            "name": "production-db-access-sg",
            "name_prefix": "",
            "owner_id": "706169056500",
            "revoke_rules_on_delete": false,
            "tags": {
              "Environment": "production",
              "Name": "production-db-access-sg"
            },
            "tags_all": {
              "Environment": "production",
              "Name": "production-db-access-sg"
            },
            "timeouts": null,
            "vpc_id": "vpc-0298690a46596817f"
          },
          "sensitive_attributes": [],
          "private": "eyJlMmJmYjczMC1lY2FhLTExZTYtOGY4OC0zNDM2M2JjN2M0YzAiOnsiY3JlYXRlIjo2MDAwMDAwMDAwMDAsImRlbGV0ZSI6OTAwMDAwMDAwMDAwfSwic2NoZW1hX3ZlcnNpb24iOiIxIn0=",
          "dependencies": [
            "tls_private_key.keygen",
            "module.networking.aws_subnet.public_subnet",
            "module.networking.aws_vpc.vpc",
            "module.networking.aws_nat_gateway.nat",
            "module.networking.aws_security_group.default",
            "module.networking.aws_route_table.public",
            "module.networking.aws_route_table_association.private",
            "module.networking.aws_route_table_association.public",
            "module.networking.aws_subnet.private_subnet",
            "module.networking.aws_route.public_internet_gateway",
            "module.networking.aws_route_table.private",
            "module.networking.aws_internet_gateway.ig",
            "module.networking.aws_route.private_nat_gateway",
            "aws_key_pair.key_pair",
            "module.networking.aws_eip.nat_eip"
          ]
        }
      ]
    },
    {
      "module": "module.rds",
      "mode": "managed",
      "type": "aws_security_group",
      "name": "rds_sg",
      "provider": "provider[\"registry.terraform.io/hashicorp/aws\"]",
      "instances": [
        {
          "schema_version": 1,
          "attributes": {
            "arn": "arn:aws:ec2:ap-northeast-1:706169056500:security-group/sg-0c07145934b0e675d",
            "description": "production Security Group",
            "egress": [
              {
                "cidr_blocks": [
                  "0.0.0.0/0"
                ],
                "description": "",
                "from_port": 0,
                "ipv6_cidr_blocks": [],
                "prefix_list_ids": [],
                "protocol": "-1",
                "security_groups": [],
                "self": false,
                "to_port": 0
              }
            ],
            "id": "sg-0c07145934b0e675d",
            "ingress": [
              {
                "cidr_blocks": [],
                "description": "",
                "from_port": 0,
                "ipv6_cidr_blocks": [],
                "prefix_list_ids": [],
                "protocol": "-1",
                "security_groups": [],
                "self": true,
                "to_port": 0
              },
              {
                "cidr_blocks": [],
                "description": "",
                "from_port": 5432,
                "ipv6_cidr_blocks": [],
                "prefix_list_ids": [],
                "protocol": "tcp",
                "security_groups": [
                  "sg-0f8d287586cfaf6de"
                ],
                "self": false,
                "to_port": 5432
              }
            ],
            "name": "production-rds-sg",
            "name_prefix": "",
            "owner_id": "706169056500",
            "revoke_rules_on_delete": false,
            "tags": {
              "Environment": "production",
              "Name": "production-rds-sg"
            },
            "tags_all": {
              "Environment": "production",
              "Name": "production-rds-sg"
            },
            "timeouts": null,
            "vpc_id": "vpc-0298690a46596817f"
          },
          "sensitive_attributes": [],
          "private": "eyJlMmJmYjczMC1lY2FhLTExZTYtOGY4OC0zNDM2M2JjN2M0YzAiOnsiY3JlYXRlIjo2MDAwMDAwMDAwMDAsImRlbGV0ZSI6OTAwMDAwMDAwMDAwfSwic2NoZW1hX3ZlcnNpb24iOiIxIn0=",
          "dependencies": [
            "module.networking.aws_route_table.public",
            "module.networking.aws_security_group.default",
            "module.networking.aws_subnet.private_subnet",
            "module.rds.aws_security_group.db_access_sg",
            "aws_key_pair.key_pair",
            "module.networking.aws_nat_gateway.nat",
            "module.networking.aws_route.private_nat_gateway",
            "module.networking.aws_route.public_internet_gateway",
            "tls_private_key.keygen",
            "module.networking.aws_subnet.public_subnet",
            "module.networking.aws_vpc.vpc",
            "module.networking.aws_eip.nat_eip",
            "module.networking.aws_internet_gateway.ig",
            "module.networking.aws_route_table.private",
            "module.networking.aws_route_table_association.public",
            "module.networking.aws_route_table_association.private"
          ]
        }
      ]
    }
  ]
}
