{
  "version": 4,
  "terraform_version": "1.1.2",
  "serial": 53,
  "lineage": "83cb436c-2a87-1602-8a7f-d2a970d300a0",
  "outputs": {
    "key_name": {
      "value": "ecs_fargate",
      "type": "string"
    },
    "private_key_file": {
      "value": "../../.ssh/ecs_fargate_sample/ecs_fargate.id_rsa",
      "type": "string"
    },
    "private_key_pem": {
      "value": "-----BEGIN RSA PRIVATE KEY-----\nMIIJJwIBAAKCAgEA1lwst9D4SV17kgZYgJlt/Xo3BxKLOShfUfcesYV2Yq8nKr6F\ni0jbRZ1kCOkRocPGhLJUAwf4IEcZPjw8p8fAd68aTZMlmAdC6vW9MtubG0zC90TK\nIGeAfKVvvcEck76vd2IvKCTvOn7UKrcDPJf74vzZyPDYUk115UsPyw0y15lfFqH0\nh0YMpTrlgdxARkVNHXVVGeynz1Ctnh54WsSqv8qYksiohUdh8s74+9rnVSqkQmYo\n6bbhSRIyoOVvgh9wSmu0NUEMsKJJ3tuuNHdEwAMMdh2shmjY5Sw7GpRfw+JQlxxV\nIL8S4dKnyVcz7/ASlnm2+rEA5/4rvPXEsQeXHXVoQmtM7wgHZH3BBuNohwsPQLiF\n0T3YLMxlYzYW8uD/QhIfNmR5FgTe1hrELkvblJ7czU0KTiNe4p6azTmsm+o29cug\ngMDjCWu6/1M3oNEtVprNlAHwYm/rgYa0GSNg+5ssJGl+Kp71DliWMwH/BhO7aCoe\n7fYcPuxWxda0cPlM6eVRLN3pUemVqPgi7JxBS+o2H6FAdPY86nAD/VHTYipkyv1H\nCOf6/zAfDtye5ltTsEHuvVElKZjOPKqs/AR+uXvmm2ybUaYjXHhUqqRMx0hbze0P\nX7AqXMY03ewECZ6G0t973L+Rdj9hZ0prqAxtIJVAdlK4rt+wvuGqON3OuKkCAwEA\nAQKCAgB3vrH0VTX9tc0Lu6PA4vTAfn8y4jcHzPfCj+uDe2ywn+ufQyLStfZXox54\no8oHtZe2FPA9aTxAu7bsPzYa+8kWkqh84VBE5vmIy5HPUUIKNA1NmA3ZoDf0aW5M\ncA4IsqLOa/iv0kIZSTQ4UFfsh3JcUKdQSsps33yWhCHkahEWw0SNHhe9YXI68vW2\nX1VAbAIyDJNnkf4EH6t9AsR04BwKW6Bzjsgk+8VJoDkSaCyGNPXhabQ9Kr4a1aGW\no9RwuiM+T4Axp47xNRdS+SENifrL0Ggrq1PvGa7gBp9Vr8D3aftfDqK3UkW4BLda\nD+6hgFjB2mhPDoXVEvVX72rbAcR12JtZm5MYrKyrOAmqzyvgrQWI64b3X7LZKHvk\nYC1I8qlczDkU5PL7f/1+Ucf7nropijdEFf55bxpJVxAj2t2Cx7TqV84l6LANsXk8\n4fzffczKBmmm0SX6jYICpUQGglxPZIPIW3VhdHRc2zwjdEnVhTB6vIrpkaYe0c03\nUfV2DrDdN0cFQKjA2DpZk3wg9wcl0n2Hbwr56JAY3qeI1bQtEFLS0Kxw1U+ZO/2v\nM0vi+8muppT4gbBb3OHblE3MP1MX4HtkRLmDi8slMfF+8HP+6S/tiv2hANYXD+rZ\nwsZiJBIYdYuXRp8RvAzNn/+EQ54IHAyIfJ+6CQsXamig+P+FiQKCAQEA7WLUGeNo\nHXldIGfX6ko0pK4y2z7ghKtLJPUu1J22oWhheJwuTYU+WuvRoEdnueX/xYt5bUMm\nNgtJgYssgJ+KpufpLdhel2vGM0rA6lh/i8RTRze5uMbCOQncTg9GNlZmB4nhefw5\nJN7YxKpIGiCypTNSq4a4l2fXw53gVRMyiOghpZd6hdIR+6wyczYKcBhFsx5YX2H6\nLp7sYQazablm9aoFhbRZlty+1Ut/v7xuuYbzlqBI81OFfUfC6DukxscbOEDb48wH\nXHzkVl/vDL5I7HyV0KuW6TknM/IxYJ3ybV3xzsXlXu4FoBXe+Fvu3s60Qk2f3obQ\nW2BHba1U7JkUUwKCAQEA5ysiN8IixPskdoeUo9h3dFzmpG2Ih1D8Qjg+XaFH/xK/\nnIFqXSGgg2KPymWiXxGJPQ4K4FVcqxu86ATE02PDtMmIIQeoDQi8B0KCcHeg9zsP\nBhTUhK2ie8v7Lf8Sg6D4Krx6S2R749vFDijf3k66CM2JBP7KHPZTfxEitiq/LBVR\nlUWA5P3+7trHooUqbRth+ZcdVR+20lgDoidDErxGVMxtQGudDcpHtsJOkGUr53g4\nlzLFJ5eQPWKyuGfa3MavmE4nP4ri7XRlKTk2Xm8vYDq/XqvyvlyTIfINIRiMynNK\nfRUIRStDHtKh3bI3VMoZ2jkxmgX+LJAfz55wN4YfkwKCAQBKYZgiEH5UFe4XNFKU\nR/Ic07R9vELvbxjZmLW2y0ApbSJ1f0KG6cQzCwchGJ6owieVh3FhyhOUBY9ftvMX\nzmXMjIgk5FInUg7FjZvLEjXM3pRVkWFxQ14iLzPHhcOzTPklTY/IAD8LjYQQg2aa\nQTqYxu8Vbd4zGsehtLtRDPXdrha04zTx73PRDxCzxvAYVZKpYE3CfVm99/ALKuVW\nsFBRk5etYGhd/AcToFeEBZAQM/fpb4nMLJR8P9sTl3S3EDY4NyJvS0PXOA73/ZFS\nxeDlsNfkjY94vn7JKQ9Nvc/zcudMqfeH+j7q/U9jNLMxP0V+LQJ14Hoy14UqGZCt\nnf2fAoIBABlg/+m1M5ICrHci3Wu7iSnKRTwKFnIcrwUqHZaz7S6QxV6OSrocxf2G\npZin3dKoHzQHxaPpWzoh2nRyiZVXn5XKhlpx974ulk4JvD5Ss+ZQoo6dXNOQKIWE\n2HetSEARPQ2cEaUTTBKw/wpV7HYAmKX8wq08t73EQVhy7ienu8NAN+u2bLc3N3TL\nqh0ql4TQ+8mmEH9W8wBWz1dPDisRZntK0je/WMe5zHPBE1UA9nf8F+JpnYGCP0Cu\nBEcAh+OzIHYNJnvwaId/PtfuwwxNEpty962SHR1PFowkgdJ/Wn2jeKsQ0w6c+Ep6\n/3BSb4ashXgSzWJGhCgqToPBtjoyTGcCggEAFUCqiH+TEAg0aoP8sAFQvy1SiTGs\n2CRWeABepahh53Tj2Fbnf9tvjDht0UpTNzG4M0gOC3+s56omjIhngsRXFX5JpBHx\nbiSur4KvSJbyO8WP2SXw/aN572AID9uOtVUdYk/8aGtIY37xcUKkxUlB1QUO2VWs\n0/iRZjjshcL8K4bcS49csC8893GaRhIbfPBXoDEJElR/ubsCSlOb9/vMhjgRDzSS\nO28kSvY/FE6u7SaG8rnX0nUqv6UDXcos7QmI94BUt1CVfohRo1dSe+ng03AhYyzz\n3UwSdUGSfZ6yi9kx2QVc41DkD2rt9rOucWFTLFSUgqyl0W8RXVzqaX68fw==\n-----END RSA PRIVATE KEY-----\n",
      "type": "string",
      "sensitive": true
    },
    "public_key_file": {
      "value": "../../.ssh/ecs_fargate_sample/ecs_fargate.id_rsa.pub",
      "type": "string"
    },
    "public_key_openssh": {
      "value": "ssh-rsa AAAAB3NzaC1yc2EAAAADAQABAAACAQDWXCy30PhJXXuSBliAmW39ejcHEos5KF9R9x6xhXZirycqvoWLSNtFnWQI6RGhw8aEslQDB/ggRxk+PDynx8B3rxpNkyWYB0Lq9b0y25sbTML3RMogZ4B8pW+9wRyTvq93Yi8oJO86ftQqtwM8l/vi/NnI8NhSTXXlSw/LDTLXmV8WofSHRgylOuWB3EBGRU0ddVUZ7KfPUK2eHnhaxKq/ypiSyKiFR2Hyzvj72udVKqRCZijptuFJEjKg5W+CH3BKa7Q1QQywokne2640d0TAAwx2HayGaNjlLDsalF/D4lCXHFUgvxLh0qfJVzPv8BKWebb6sQDn/iu89cSxB5cddWhCa0zvCAdkfcEG42iHCw9AuIXRPdgszGVjNhby4P9CEh82ZHkWBN7WGsQuS9uUntzNTQpOI17inprNOayb6jb1y6CAwOMJa7r/Uzeg0S1Wms2UAfBib+uBhrQZI2D7mywkaX4qnvUOWJYzAf8GE7toKh7t9hw+7FbF1rRw+Uzp5VEs3elR6ZWo+CLsnEFL6jYfoUB09jzqcAP9UdNiKmTK/UcI5/r/MB8O3J7mW1OwQe69USUpmM48qqz8BH65e+abbJtRpiNceFSqpEzHSFvN7Q9fsCpcxjTd7AQJnobS33vcv5F2P2FnSmuoDG0glUB2Uriu37C+4ao43c64qQ==\n",
      "type": "string"
    }
  },
  "resources": [
    {
      "mode": "managed",
      "type": "aws_key_pair",
      "name": "key_pair",
      "provider": "provider[\"registry.terraform.io/hashicorp/aws\"]",
      "instances": [
        {
          "schema_version": 1,
          "attributes": {
            "arn": "arn:aws:ec2:ap-northeast-1:706169056500:key-pair/ecs_fargate",
            "fingerprint": "a8:d3:df:dd:7a:bc:04:01:0c:be:73:a6:27:ed:33:be",
            "id": "ecs_fargate",
            "key_name": "ecs_fargate",
            "key_name_prefix": "",
            "key_pair_id": "key-0effecfcee92fef4d",
            "public_key": "ssh-rsa AAAAB3NzaC1yc2EAAAADAQABAAACAQDWXCy30PhJXXuSBliAmW39ejcHEos5KF9R9x6xhXZirycqvoWLSNtFnWQI6RGhw8aEslQDB/ggRxk+PDynx8B3rxpNkyWYB0Lq9b0y25sbTML3RMogZ4B8pW+9wRyTvq93Yi8oJO86ftQqtwM8l/vi/NnI8NhSTXXlSw/LDTLXmV8WofSHRgylOuWB3EBGRU0ddVUZ7KfPUK2eHnhaxKq/ypiSyKiFR2Hyzvj72udVKqRCZijptuFJEjKg5W+CH3BKa7Q1QQywokne2640d0TAAwx2HayGaNjlLDsalF/D4lCXHFUgvxLh0qfJVzPv8BKWebb6sQDn/iu89cSxB5cddWhCa0zvCAdkfcEG42iHCw9AuIXRPdgszGVjNhby4P9CEh82ZHkWBN7WGsQuS9uUntzNTQpOI17inprNOayb6jb1y6CAwOMJa7r/Uzeg0S1Wms2UAfBib+uBhrQZI2D7mywkaX4qnvUOWJYzAf8GE7toKh7t9hw+7FbF1rRw+Uzp5VEs3elR6ZWo+CLsnEFL6jYfoUB09jzqcAP9UdNiKmTK/UcI5/r/MB8O3J7mW1OwQe69USUpmM48qqz8BH65e+abbJtRpiNceFSqpEzHSFvN7Q9fsCpcxjTd7AQJnobS33vcv5F2P2FnSmuoDG0glUB2Uriu37C+4ao43c64qQ==",
            "tags": {},
            "tags_all": {}
          },
          "sensitive_attributes": [],
          "private": "eyJzY2hlbWFfdmVyc2lvbiI6IjEifQ==",
          "dependencies": [
            "tls_private_key.keygen"
          ]
        }
      ]
    },
    {
      "mode": "managed",
      "type": "local_file",
      "name": "private_key_pem",
      "provider": "provider[\"registry.terraform.io/hashicorp/local\"]",
      "instances": [
        {
          "schema_version": 0,
          "attributes": {
            "content": "-----BEGIN RSA PRIVATE KEY-----\nMIIJJwIBAAKCAgEA1lwst9D4SV17kgZYgJlt/Xo3BxKLOShfUfcesYV2Yq8nKr6F\ni0jbRZ1kCOkRocPGhLJUAwf4IEcZPjw8p8fAd68aTZMlmAdC6vW9MtubG0zC90TK\nIGeAfKVvvcEck76vd2IvKCTvOn7UKrcDPJf74vzZyPDYUk115UsPyw0y15lfFqH0\nh0YMpTrlgdxARkVNHXVVGeynz1Ctnh54WsSqv8qYksiohUdh8s74+9rnVSqkQmYo\n6bbhSRIyoOVvgh9wSmu0NUEMsKJJ3tuuNHdEwAMMdh2shmjY5Sw7GpRfw+JQlxxV\nIL8S4dKnyVcz7/ASlnm2+rEA5/4rvPXEsQeXHXVoQmtM7wgHZH3BBuNohwsPQLiF\n0T3YLMxlYzYW8uD/QhIfNmR5FgTe1hrELkvblJ7czU0KTiNe4p6azTmsm+o29cug\ngMDjCWu6/1M3oNEtVprNlAHwYm/rgYa0GSNg+5ssJGl+Kp71DliWMwH/BhO7aCoe\n7fYcPuxWxda0cPlM6eVRLN3pUemVqPgi7JxBS+o2H6FAdPY86nAD/VHTYipkyv1H\nCOf6/zAfDtye5ltTsEHuvVElKZjOPKqs/AR+uXvmm2ybUaYjXHhUqqRMx0hbze0P\nX7AqXMY03ewECZ6G0t973L+Rdj9hZ0prqAxtIJVAdlK4rt+wvuGqON3OuKkCAwEA\nAQKCAgB3vrH0VTX9tc0Lu6PA4vTAfn8y4jcHzPfCj+uDe2ywn+ufQyLStfZXox54\no8oHtZe2FPA9aTxAu7bsPzYa+8kWkqh84VBE5vmIy5HPUUIKNA1NmA3ZoDf0aW5M\ncA4IsqLOa/iv0kIZSTQ4UFfsh3JcUKdQSsps33yWhCHkahEWw0SNHhe9YXI68vW2\nX1VAbAIyDJNnkf4EH6t9AsR04BwKW6Bzjsgk+8VJoDkSaCyGNPXhabQ9Kr4a1aGW\no9RwuiM+T4Axp47xNRdS+SENifrL0Ggrq1PvGa7gBp9Vr8D3aftfDqK3UkW4BLda\nD+6hgFjB2mhPDoXVEvVX72rbAcR12JtZm5MYrKyrOAmqzyvgrQWI64b3X7LZKHvk\nYC1I8qlczDkU5PL7f/1+Ucf7nropijdEFf55bxpJVxAj2t2Cx7TqV84l6LANsXk8\n4fzffczKBmmm0SX6jYICpUQGglxPZIPIW3VhdHRc2zwjdEnVhTB6vIrpkaYe0c03\nUfV2DrDdN0cFQKjA2DpZk3wg9wcl0n2Hbwr56JAY3qeI1bQtEFLS0Kxw1U+ZO/2v\nM0vi+8muppT4gbBb3OHblE3MP1MX4HtkRLmDi8slMfF+8HP+6S/tiv2hANYXD+rZ\nwsZiJBIYdYuXRp8RvAzNn/+EQ54IHAyIfJ+6CQsXamig+P+FiQKCAQEA7WLUGeNo\nHXldIGfX6ko0pK4y2z7ghKtLJPUu1J22oWhheJwuTYU+WuvRoEdnueX/xYt5bUMm\nNgtJgYssgJ+KpufpLdhel2vGM0rA6lh/i8RTRze5uMbCOQncTg9GNlZmB4nhefw5\nJN7YxKpIGiCypTNSq4a4l2fXw53gVRMyiOghpZd6hdIR+6wyczYKcBhFsx5YX2H6\nLp7sYQazablm9aoFhbRZlty+1Ut/v7xuuYbzlqBI81OFfUfC6DukxscbOEDb48wH\nXHzkVl/vDL5I7HyV0KuW6TknM/IxYJ3ybV3xzsXlXu4FoBXe+Fvu3s60Qk2f3obQ\nW2BHba1U7JkUUwKCAQEA5ysiN8IixPskdoeUo9h3dFzmpG2Ih1D8Qjg+XaFH/xK/\nnIFqXSGgg2KPymWiXxGJPQ4K4FVcqxu86ATE02PDtMmIIQeoDQi8B0KCcHeg9zsP\nBhTUhK2ie8v7Lf8Sg6D4Krx6S2R749vFDijf3k66CM2JBP7KHPZTfxEitiq/LBVR\nlUWA5P3+7trHooUqbRth+ZcdVR+20lgDoidDErxGVMxtQGudDcpHtsJOkGUr53g4\nlzLFJ5eQPWKyuGfa3MavmE4nP4ri7XRlKTk2Xm8vYDq/XqvyvlyTIfINIRiMynNK\nfRUIRStDHtKh3bI3VMoZ2jkxmgX+LJAfz55wN4YfkwKCAQBKYZgiEH5UFe4XNFKU\nR/Ic07R9vELvbxjZmLW2y0ApbSJ1f0KG6cQzCwchGJ6owieVh3FhyhOUBY9ftvMX\nzmXMjIgk5FInUg7FjZvLEjXM3pRVkWFxQ14iLzPHhcOzTPklTY/IAD8LjYQQg2aa\nQTqYxu8Vbd4zGsehtLtRDPXdrha04zTx73PRDxCzxvAYVZKpYE3CfVm99/ALKuVW\nsFBRk5etYGhd/AcToFeEBZAQM/fpb4nMLJR8P9sTl3S3EDY4NyJvS0PXOA73/ZFS\nxeDlsNfkjY94vn7JKQ9Nvc/zcudMqfeH+j7q/U9jNLMxP0V+LQJ14Hoy14UqGZCt\nnf2fAoIBABlg/+m1M5ICrHci3Wu7iSnKRTwKFnIcrwUqHZaz7S6QxV6OSrocxf2G\npZin3dKoHzQHxaPpWzoh2nRyiZVXn5XKhlpx974ulk4JvD5Ss+ZQoo6dXNOQKIWE\n2HetSEARPQ2cEaUTTBKw/wpV7HYAmKX8wq08t73EQVhy7ienu8NAN+u2bLc3N3TL\nqh0ql4TQ+8mmEH9W8wBWz1dPDisRZntK0je/WMe5zHPBE1UA9nf8F+JpnYGCP0Cu\nBEcAh+OzIHYNJnvwaId/PtfuwwxNEpty962SHR1PFowkgdJ/Wn2jeKsQ0w6c+Ep6\n/3BSb4ashXgSzWJGhCgqToPBtjoyTGcCggEAFUCqiH+TEAg0aoP8sAFQvy1SiTGs\n2CRWeABepahh53Tj2Fbnf9tvjDht0UpTNzG4M0gOC3+s56omjIhngsRXFX5JpBHx\nbiSur4KvSJbyO8WP2SXw/aN572AID9uOtVUdYk/8aGtIY37xcUKkxUlB1QUO2VWs\n0/iRZjjshcL8K4bcS49csC8893GaRhIbfPBXoDEJElR/ubsCSlOb9/vMhjgRDzSS\nO28kSvY/FE6u7SaG8rnX0nUqv6UDXcos7QmI94BUt1CVfohRo1dSe+ng03AhYyzz\n3UwSdUGSfZ6yi9kx2QVc41DkD2rt9rOucWFTLFSUgqyl0W8RXVzqaX68fw==\n-----END RSA PRIVATE KEY-----\n",
            "content_base64": null,
            "directory_permission": "0777",
            "file_permission": "0777",
            "filename": "../../.ssh/ecs_fargate_sample/ecs_fargate.id_rsa",
            "id": "7f578a944898b9124ed056e13f646096cba99a19",
            "sensitive_content": null,
            "source": null
          },
          "sensitive_attributes": [
            [
              {
                "type": "get_attr",
                "value": "content"
              }
            ]
          ],
          "private": "bnVsbA==",
          "dependencies": [
            "tls_private_key.keygen"
          ]
        }
      ]
    },
    {
      "mode": "managed",
      "type": "local_file",
      "name": "public_key_openssh",
      "provider": "provider[\"registry.terraform.io/hashicorp/local\"]",
      "instances": [
        {
          "schema_version": 0,
          "attributes": {
            "content": "ssh-rsa AAAAB3NzaC1yc2EAAAADAQABAAACAQDWXCy30PhJXXuSBliAmW39ejcHEos5KF9R9x6xhXZirycqvoWLSNtFnWQI6RGhw8aEslQDB/ggRxk+PDynx8B3rxpNkyWYB0Lq9b0y25sbTML3RMogZ4B8pW+9wRyTvq93Yi8oJO86ftQqtwM8l/vi/NnI8NhSTXXlSw/LDTLXmV8WofSHRgylOuWB3EBGRU0ddVUZ7KfPUK2eHnhaxKq/ypiSyKiFR2Hyzvj72udVKqRCZijptuFJEjKg5W+CH3BKa7Q1QQywokne2640d0TAAwx2HayGaNjlLDsalF/D4lCXHFUgvxLh0qfJVzPv8BKWebb6sQDn/iu89cSxB5cddWhCa0zvCAdkfcEG42iHCw9AuIXRPdgszGVjNhby4P9CEh82ZHkWBN7WGsQuS9uUntzNTQpOI17inprNOayb6jb1y6CAwOMJa7r/Uzeg0S1Wms2UAfBib+uBhrQZI2D7mywkaX4qnvUOWJYzAf8GE7toKh7t9hw+7FbF1rRw+Uzp5VEs3elR6ZWo+CLsnEFL6jYfoUB09jzqcAP9UdNiKmTK/UcI5/r/MB8O3J7mW1OwQe69USUpmM48qqz8BH65e+abbJtRpiNceFSqpEzHSFvN7Q9fsCpcxjTd7AQJnobS33vcv5F2P2FnSmuoDG0glUB2Uriu37C+4ao43c64qQ==\n",
            "content_base64": null,
            "directory_permission": "0777",
            "file_permission": "0777",
            "filename": "../../.ssh/ecs_fargate_sample/ecs_fargate.id_rsa.pub",
            "id": "691034e121c4fb945bbc04b59d8344c482ab6041",
            "sensitive_content": null,
            "source": null
          },
          "sensitive_attributes": [],
          "private": "bnVsbA==",
          "dependencies": [
            "tls_private_key.keygen"
          ]
        }
      ]
    },
    {
      "mode": "managed",
      "type": "tls_private_key",
      "name": "keygen",
      "provider": "provider[\"registry.terraform.io/hashicorp/tls\"]",
      "instances": [
        {
          "schema_version": 0,
          "attributes": {
            "algorithm": "RSA",
            "ecdsa_curve": "P224",
            "id": "04ac5e10d358f08331ea24a5cfeeb3a674c7a341",
            "private_key_pem": "-----BEGIN RSA PRIVATE KEY-----\nMIIJJwIBAAKCAgEA1lwst9D4SV17kgZYgJlt/Xo3BxKLOShfUfcesYV2Yq8nKr6F\ni0jbRZ1kCOkRocPGhLJUAwf4IEcZPjw8p8fAd68aTZMlmAdC6vW9MtubG0zC90TK\nIGeAfKVvvcEck76vd2IvKCTvOn7UKrcDPJf74vzZyPDYUk115UsPyw0y15lfFqH0\nh0YMpTrlgdxARkVNHXVVGeynz1Ctnh54WsSqv8qYksiohUdh8s74+9rnVSqkQmYo\n6bbhSRIyoOVvgh9wSmu0NUEMsKJJ3tuuNHdEwAMMdh2shmjY5Sw7GpRfw+JQlxxV\nIL8S4dKnyVcz7/ASlnm2+rEA5/4rvPXEsQeXHXVoQmtM7wgHZH3BBuNohwsPQLiF\n0T3YLMxlYzYW8uD/QhIfNmR5FgTe1hrELkvblJ7czU0KTiNe4p6azTmsm+o29cug\ngMDjCWu6/1M3oNEtVprNlAHwYm/rgYa0GSNg+5ssJGl+Kp71DliWMwH/BhO7aCoe\n7fYcPuxWxda0cPlM6eVRLN3pUemVqPgi7JxBS+o2H6FAdPY86nAD/VHTYipkyv1H\nCOf6/zAfDtye5ltTsEHuvVElKZjOPKqs/AR+uXvmm2ybUaYjXHhUqqRMx0hbze0P\nX7AqXMY03ewECZ6G0t973L+Rdj9hZ0prqAxtIJVAdlK4rt+wvuGqON3OuKkCAwEA\nAQKCAgB3vrH0VTX9tc0Lu6PA4vTAfn8y4jcHzPfCj+uDe2ywn+ufQyLStfZXox54\no8oHtZe2FPA9aTxAu7bsPzYa+8kWkqh84VBE5vmIy5HPUUIKNA1NmA3ZoDf0aW5M\ncA4IsqLOa/iv0kIZSTQ4UFfsh3JcUKdQSsps33yWhCHkahEWw0SNHhe9YXI68vW2\nX1VAbAIyDJNnkf4EH6t9AsR04BwKW6Bzjsgk+8VJoDkSaCyGNPXhabQ9Kr4a1aGW\no9RwuiM+T4Axp47xNRdS+SENifrL0Ggrq1PvGa7gBp9Vr8D3aftfDqK3UkW4BLda\nD+6hgFjB2mhPDoXVEvVX72rbAcR12JtZm5MYrKyrOAmqzyvgrQWI64b3X7LZKHvk\nYC1I8qlczDkU5PL7f/1+Ucf7nropijdEFf55bxpJVxAj2t2Cx7TqV84l6LANsXk8\n4fzffczKBmmm0SX6jYICpUQGglxPZIPIW3VhdHRc2zwjdEnVhTB6vIrpkaYe0c03\nUfV2DrDdN0cFQKjA2DpZk3wg9wcl0n2Hbwr56JAY3qeI1bQtEFLS0Kxw1U+ZO/2v\nM0vi+8muppT4gbBb3OHblE3MP1MX4HtkRLmDi8slMfF+8HP+6S/tiv2hANYXD+rZ\nwsZiJBIYdYuXRp8RvAzNn/+EQ54IHAyIfJ+6CQsXamig+P+FiQKCAQEA7WLUGeNo\nHXldIGfX6ko0pK4y2z7ghKtLJPUu1J22oWhheJwuTYU+WuvRoEdnueX/xYt5bUMm\nNgtJgYssgJ+KpufpLdhel2vGM0rA6lh/i8RTRze5uMbCOQncTg9GNlZmB4nhefw5\nJN7YxKpIGiCypTNSq4a4l2fXw53gVRMyiOghpZd6hdIR+6wyczYKcBhFsx5YX2H6\nLp7sYQazablm9aoFhbRZlty+1Ut/v7xuuYbzlqBI81OFfUfC6DukxscbOEDb48wH\nXHzkVl/vDL5I7HyV0KuW6TknM/IxYJ3ybV3xzsXlXu4FoBXe+Fvu3s60Qk2f3obQ\nW2BHba1U7JkUUwKCAQEA5ysiN8IixPskdoeUo9h3dFzmpG2Ih1D8Qjg+XaFH/xK/\nnIFqXSGgg2KPymWiXxGJPQ4K4FVcqxu86ATE02PDtMmIIQeoDQi8B0KCcHeg9zsP\nBhTUhK2ie8v7Lf8Sg6D4Krx6S2R749vFDijf3k66CM2JBP7KHPZTfxEitiq/LBVR\nlUWA5P3+7trHooUqbRth+ZcdVR+20lgDoidDErxGVMxtQGudDcpHtsJOkGUr53g4\nlzLFJ5eQPWKyuGfa3MavmE4nP4ri7XRlKTk2Xm8vYDq/XqvyvlyTIfINIRiMynNK\nfRUIRStDHtKh3bI3VMoZ2jkxmgX+LJAfz55wN4YfkwKCAQBKYZgiEH5UFe4XNFKU\nR/Ic07R9vELvbxjZmLW2y0ApbSJ1f0KG6cQzCwchGJ6owieVh3FhyhOUBY9ftvMX\nzmXMjIgk5FInUg7FjZvLEjXM3pRVkWFxQ14iLzPHhcOzTPklTY/IAD8LjYQQg2aa\nQTqYxu8Vbd4zGsehtLtRDPXdrha04zTx73PRDxCzxvAYVZKpYE3CfVm99/ALKuVW\nsFBRk5etYGhd/AcToFeEBZAQM/fpb4nMLJR8P9sTl3S3EDY4NyJvS0PXOA73/ZFS\nxeDlsNfkjY94vn7JKQ9Nvc/zcudMqfeH+j7q/U9jNLMxP0V+LQJ14Hoy14UqGZCt\nnf2fAoIBABlg/+m1M5ICrHci3Wu7iSnKRTwKFnIcrwUqHZaz7S6QxV6OSrocxf2G\npZin3dKoHzQHxaPpWzoh2nRyiZVXn5XKhlpx974ulk4JvD5Ss+ZQoo6dXNOQKIWE\n2HetSEARPQ2cEaUTTBKw/wpV7HYAmKX8wq08t73EQVhy7ienu8NAN+u2bLc3N3TL\nqh0ql4TQ+8mmEH9W8wBWz1dPDisRZntK0je/WMe5zHPBE1UA9nf8F+JpnYGCP0Cu\nBEcAh+OzIHYNJnvwaId/PtfuwwxNEpty962SHR1PFowkgdJ/Wn2jeKsQ0w6c+Ep6\n/3BSb4ashXgSzWJGhCgqToPBtjoyTGcCggEAFUCqiH+TEAg0aoP8sAFQvy1SiTGs\n2CRWeABepahh53Tj2Fbnf9tvjDht0UpTNzG4M0gOC3+s56omjIhngsRXFX5JpBHx\nbiSur4KvSJbyO8WP2SXw/aN572AID9uOtVUdYk/8aGtIY37xcUKkxUlB1QUO2VWs\n0/iRZjjshcL8K4bcS49csC8893GaRhIbfPBXoDEJElR/ubsCSlOb9/vMhjgRDzSS\nO28kSvY/FE6u7SaG8rnX0nUqv6UDXcos7QmI94BUt1CVfohRo1dSe+ng03AhYyzz\n3UwSdUGSfZ6yi9kx2QVc41DkD2rt9rOucWFTLFSUgqyl0W8RXVzqaX68fw==\n-----END RSA PRIVATE KEY-----\n",
            "public_key_fingerprint_md5": "0f:74:c5:bc:e4:dc:89:6a:91:d5:b5:24:2a:32:90:7e",
            "public_key_openssh": "ssh-rsa AAAAB3NzaC1yc2EAAAADAQABAAACAQDWXCy30PhJXXuSBliAmW39ejcHEos5KF9R9x6xhXZirycqvoWLSNtFnWQI6RGhw8aEslQDB/ggRxk+PDynx8B3rxpNkyWYB0Lq9b0y25sbTML3RMogZ4B8pW+9wRyTvq93Yi8oJO86ftQqtwM8l/vi/NnI8NhSTXXlSw/LDTLXmV8WofSHRgylOuWB3EBGRU0ddVUZ7KfPUK2eHnhaxKq/ypiSyKiFR2Hyzvj72udVKqRCZijptuFJEjKg5W+CH3BKa7Q1QQywokne2640d0TAAwx2HayGaNjlLDsalF/D4lCXHFUgvxLh0qfJVzPv8BKWebb6sQDn/iu89cSxB5cddWhCa0zvCAdkfcEG42iHCw9AuIXRPdgszGVjNhby4P9CEh82ZHkWBN7WGsQuS9uUntzNTQpOI17inprNOayb6jb1y6CAwOMJa7r/Uzeg0S1Wms2UAfBib+uBhrQZI2D7mywkaX4qnvUOWJYzAf8GE7toKh7t9hw+7FbF1rRw+Uzp5VEs3elR6ZWo+CLsnEFL6jYfoUB09jzqcAP9UdNiKmTK/UcI5/r/MB8O3J7mW1OwQe69USUpmM48qqz8BH65e+abbJtRpiNceFSqpEzHSFvN7Q9fsCpcxjTd7AQJnobS33vcv5F2P2FnSmuoDG0glUB2Uriu37C+4ao43c64qQ==\n",
            "public_key_pem": "-----BEGIN PUBLIC KEY-----\nMIICIjANBgkqhkiG9w0BAQEFAAOCAg8AMIICCgKCAgEA1lwst9D4SV17kgZYgJlt\n/Xo3BxKLOShfUfcesYV2Yq8nKr6Fi0jbRZ1kCOkRocPGhLJUAwf4IEcZPjw8p8fA\nd68aTZMlmAdC6vW9MtubG0zC90TKIGeAfKVvvcEck76vd2IvKCTvOn7UKrcDPJf7\n4vzZyPDYUk115UsPyw0y15lfFqH0h0YMpTrlgdxARkVNHXVVGeynz1Ctnh54WsSq\nv8qYksiohUdh8s74+9rnVSqkQmYo6bbhSRIyoOVvgh9wSmu0NUEMsKJJ3tuuNHdE\nwAMMdh2shmjY5Sw7GpRfw+JQlxxVIL8S4dKnyVcz7/ASlnm2+rEA5/4rvPXEsQeX\nHXVoQmtM7wgHZH3BBuNohwsPQLiF0T3YLMxlYzYW8uD/QhIfNmR5FgTe1hrELkvb\nlJ7czU0KTiNe4p6azTmsm+o29cuggMDjCWu6/1M3oNEtVprNlAHwYm/rgYa0GSNg\n+5ssJGl+Kp71DliWMwH/BhO7aCoe7fYcPuxWxda0cPlM6eVRLN3pUemVqPgi7JxB\nS+o2H6FAdPY86nAD/VHTYipkyv1HCOf6/zAfDtye5ltTsEHuvVElKZjOPKqs/AR+\nuXvmm2ybUaYjXHhUqqRMx0hbze0PX7AqXMY03ewECZ6G0t973L+Rdj9hZ0prqAxt\nIJVAdlK4rt+wvuGqON3OuKkCAwEAAQ==\n-----END PUBLIC KEY-----\n",
            "rsa_bits": 4096
          },
          "sensitive_attributes": [],
          "private": "bnVsbA=="
        }
      ]
    },
    {
      "module": "module.ecs",
      "mode": "data",
      "type": "aws_ecs_task_definition",
      "name": "web",
      "provider": "provider[\"registry.terraform.io/hashicorp/aws\"]",
      "instances": [
        {
          "schema_version": 0,
          "attributes": {
            "family": "production_web",
            "id": "arn:aws:ecs:ap-northeast-1:706169056500:task-definition/production_web:1",
            "network_mode": "awsvpc",
            "revision": 1,
            "status": "ACTIVE",
            "task_definition": "production_web",
            "task_role_arn": "arn:aws:iam::706169056500:role/ecs_task_execution_role"
          },
          "sensitive_attributes": []
        }
      ]
    },
    {
      "module": "module.ecs",
      "mode": "data",
      "type": "aws_iam_policy_document",
      "name": "ecs_service_policy",
      "provider": "provider[\"registry.terraform.io/hashicorp/aws\"]",
      "instances": [
        {
          "schema_version": 0,
          "attributes": {
            "id": "3615693260",
            "json": "{\n  \"Version\": \"2012-10-17\",\n  \"Statement\": [\n    {\n      \"Sid\": \"\",\n      \"Effect\": \"Allow\",\n      \"Action\": [\n        \"elasticloadbalancing:RegisterInstancesWithLoadBalancer\",\n        \"elasticloadbalancing:Describe*\",\n        \"elasticloadbalancing:DeregisterInstancesFromLoadBalancer\",\n        \"ec2:Describe*\",\n        \"ec2:AuthorizeSecurityGroupIngress\"\n      ],\n      \"Resource\": \"*\"\n    }\n  ]\n}",
            "override_json": null,
            "override_policy_documents": null,
            "policy_id": null,
            "source_json": null,
            "source_policy_documents": null,
            "statement": [
              {
                "actions": [
                  "ec2:AuthorizeSecurityGroupIngress",
                  "ec2:Describe*",
                  "elasticloadbalancing:DeregisterInstancesFromLoadBalancer",
                  "elasticloadbalancing:Describe*",
                  "elasticloadbalancing:RegisterInstancesWithLoadBalancer"
                ],
                "condition": [],
                "effect": "Allow",
                "not_actions": [],
                "not_principals": [],
                "not_resources": [],
                "principals": [],
                "resources": [
                  "*"
                ],
                "sid": ""
              }
            ],
            "version": "2012-10-17"
          },
          "sensitive_attributes": []
        }
      ]
    },
    {
      "module": "module.ecs",
      "mode": "data",
      "type": "aws_iam_policy_document",
      "name": "ecs_service_role",
      "provider": "provider[\"registry.terraform.io/hashicorp/aws\"]",
      "instances": [
        {
          "schema_version": 0,
          "attributes": {
            "id": "3622649364",
            "json": "{\n  \"Version\": \"2012-10-17\",\n  \"Statement\": [\n    {\n      \"Sid\": \"\",\n      \"Effect\": \"Allow\",\n      \"Action\": \"sts:AssumeRole\",\n      \"Principal\": {\n        \"Service\": \"ecs.amazonaws.com\"\n      }\n    }\n  ]\n}",
            "override_json": null,
            "override_policy_documents": null,
            "policy_id": null,
            "source_json": null,
            "source_policy_documents": null,
            "statement": [
              {
                "actions": [
                  "sts:AssumeRole"
                ],
                "condition": [],
                "effect": "Allow",
                "not_actions": [],
                "not_principals": [],
                "not_resources": [],
                "principals": [
                  {
                    "identifiers": [
                      "ecs.amazonaws.com"
                    ],
                    "type": "Service"
                  }
                ],
                "resources": [],
                "sid": ""
              }
            ],
            "version": "2012-10-17"
          },
          "sensitive_attributes": []
        }
      ]
    },
    {
      "module": "module.ecs",
      "mode": "managed",
      "type": "aws_alb",
      "name": "alb_rails_postgres",
      "provider": "provider[\"registry.terraform.io/hashicorp/aws\"]",
      "instances": [
        {
          "schema_version": 0,
          "attributes": {
            "access_logs": [
              {
                "bucket": "",
                "enabled": false,
                "prefix": ""
              }
            ],
            "arn": "arn:aws:elasticloadbalancing:ap-northeast-1:706169056500:loadbalancer/app/production-alb-rails-postgres/574658a9455ded3d",
            "arn_suffix": "app/production-alb-rails-postgres/574658a9455ded3d",
            "customer_owned_ipv4_pool": "",
            "desync_mitigation_mode": "defensive",
            "dns_name": "production-alb-rails-postgres-891606057.ap-northeast-1.elb.amazonaws.com",
            "drop_invalid_header_fields": false,
            "enable_cross_zone_load_balancing": null,
            "enable_deletion_protection": false,
            "enable_http2": true,
            "enable_waf_fail_open": false,
            "id": "arn:aws:elasticloadbalancing:ap-northeast-1:706169056500:loadbalancer/app/production-alb-rails-postgres/574658a9455ded3d",
            "idle_timeout": 60,
            "internal": false,
            "ip_address_type": "ipv4",
            "load_balancer_type": "application",
            "name": "production-alb-rails-postgres",
            "name_prefix": null,
            "security_groups": [
              "sg-0a58575b6ea527747"
            ],
            "subnet_mapping": [
              {
                "allocation_id": "",
                "ipv6_address": "",
                "outpost_id": "",
                "private_ipv4_address": "",
                "subnet_id": "subnet-0e90bbeedc815455c"
              },
              {
                "allocation_id": "",
                "ipv6_address": "",
                "outpost_id": "",
                "private_ipv4_address": "",
                "subnet_id": "subnet-0f6d2d11f4ccae1d6"
              }
            ],
            "subnets": [
              "subnet-0e90bbeedc815455c",
              "subnet-0f6d2d11f4ccae1d6"
            ],
            "tags": {
              "Environment": "production",
              "Name": "production-alb-rails_postgres"
            },
            "tags_all": {
              "Environment": "production",
              "Name": "production-alb-rails_postgres"
            },
            "timeouts": null,
            "vpc_id": "vpc-0298690a46596817f",
            "zone_id": "Z14GRHDCWA56QT"
          },
          "sensitive_attributes": [],
          "private": "eyJlMmJmYjczMC1lY2FhLTExZTYtOGY4OC0zNDM2M2JjN2M0YzAiOnsiY3JlYXRlIjo2MDAwMDAwMDAwMDAsImRlbGV0ZSI6NjAwMDAwMDAwMDAwLCJ1cGRhdGUiOjYwMDAwMDAwMDAwMH19",
          "dependencies": [
            "module.ecs.aws_security_group.web_inbound_sg",
            "module.networking.aws_subnet.public_subnet",
            "module.networking.aws_vpc.vpc"
          ]
        }
      ]
    },
    {
      "module": "module.ecs",
      "mode": "managed",
      "type": "aws_alb_listener",
      "name": "rails_postgres",
      "provider": "provider[\"registry.terraform.io/hashicorp/aws\"]",
      "instances": [
        {
          "schema_version": 0,
          "attributes": {
            "alpn_policy": null,
            "arn": "arn:aws:elasticloadbalancing:ap-northeast-1:706169056500:listener/app/production-alb-rails-postgres/574658a9455ded3d/e9487eece29f79a9",
            "certificate_arn": null,
            "default_action": [
              {
                "authenticate_cognito": [],
                "authenticate_oidc": [],
                "fixed_response": [],
                "forward": [],
                "order": 1,
                "redirect": [],
                "target_group_arn": "arn:aws:elasticloadbalancing:ap-northeast-1:706169056500:targetgroup/production-alb-target-group-ae74/12941e1a89aa9c49",
                "type": "forward"
              }
            ],
            "id": "arn:aws:elasticloadbalancing:ap-northeast-1:706169056500:listener/app/production-alb-rails-postgres/574658a9455ded3d/e9487eece29f79a9",
            "load_balancer_arn": "arn:aws:elasticloadbalancing:ap-northeast-1:706169056500:loadbalancer/app/production-alb-rails-postgres/574658a9455ded3d",
            "port": 80,
            "protocol": "HTTP",
            "ssl_policy": "",
            "tags": null,
            "tags_all": {},
            "timeouts": null
          },
          "sensitive_attributes": [],
          "private": "eyJlMmJmYjczMC1lY2FhLTExZTYtOGY4OC0zNDM2M2JjN2M0YzAiOnsicmVhZCI6NjAwMDAwMDAwMDAwfX0=",
          "dependencies": [
            "module.ecs.aws_alb.alb_rails_postgres",
            "module.ecs.aws_alb_target_group.alb_target_group",
            "module.ecs.aws_security_group.web_inbound_sg",
            "module.ecs.random_id.target_group_sufix",
            "module.networking.aws_subnet.public_subnet",
            "module.networking.aws_vpc.vpc"
          ]
        }
      ]
    },
    {
      "module": "module.ecs",
      "mode": "managed",
      "type": "aws_alb_target_group",
      "name": "alb_target_group",
      "provider": "provider[\"registry.terraform.io/hashicorp/aws\"]",
      "instances": [
        {
          "schema_version": 0,
          "attributes": {
            "arn": "arn:aws:elasticloadbalancing:ap-northeast-1:706169056500:targetgroup/production-alb-target-group-ae74/12941e1a89aa9c49",
            "arn_suffix": "targetgroup/production-alb-target-group-ae74/12941e1a89aa9c49",
            "connection_termination": false,
            "deregistration_delay": "300",
            "health_check": [
              {
                "enabled": true,
                "healthy_threshold": 5,
                "interval": 30,
                "matcher": "200",
                "path": "/",
                "port": "traffic-port",
                "protocol": "HTTP",
                "timeout": 5,
                "unhealthy_threshold": 2
              }
            ],
            "id": "arn:aws:elasticloadbalancing:ap-northeast-1:706169056500:targetgroup/production-alb-target-group-ae74/12941e1a89aa9c49",
            "lambda_multi_value_headers_enabled": false,
            "load_balancing_algorithm_type": "round_robin",
            "name": "production-alb-target-group-ae74",
            "name_prefix": null,
            "port": 80,
            "preserve_client_ip": null,
            "protocol": "HTTP",
            "protocol_version": "HTTP1",
            "proxy_protocol_v2": false,
            "slow_start": 0,
            "stickiness": [
              {
                "cookie_duration": 86400,
                "cookie_name": "",
                "enabled": false,
                "type": "lb_cookie"
              }
            ],
            "tags": null,
            "tags_all": {},
            "target_type": "ip",
            "vpc_id": "vpc-0298690a46596817f"
          },
          "sensitive_attributes": [],
          "private": "bnVsbA==",
          "dependencies": [
            "module.ecs.random_id.target_group_sufix",
            "module.networking.aws_vpc.vpc"
          ],
          "create_before_destroy": true
        }
      ]
    },
    {
      "module": "module.ecs",
      "mode": "managed",
      "type": "aws_appautoscaling_policy",
      "name": "down",
      "provider": "provider[\"registry.terraform.io/hashicorp/aws\"]",
      "instances": [
        {
          "schema_version": 0,
          "attributes": {
            "arn": "arn:aws:autoscaling:ap-northeast-1:706169056500:scalingPolicy:fe90e6fa-c5f8-4ba3-8085-1501d04f7702:resource/ecs/service/production-ecs-cluster/production-web:policyName/production_scale_down",
            "id": "production_scale_down",
            "name": "production_scale_down",
            "policy_type": "StepScaling",
            "resource_id": "service/production-ecs-cluster/production-web",
            "scalable_dimension": "ecs:service:DesiredCount",
            "service_namespace": "ecs",
            "step_scaling_policy_configuration": [
              {
                "adjustment_type": "ChangeInCapacity",
                "cooldown": 60,
                "metric_aggregation_type": "Maximum",
                "min_adjustment_magnitude": 0,
                "step_adjustment": [
                  {
                    "metric_interval_lower_bound": "0",
                    "metric_interval_upper_bound": "",
                    "scaling_adjustment": -1
                  }
                ]
              }
            ],
            "target_tracking_scaling_policy_configuration": []
          },
          "sensitive_attributes": [],
          "private": "bnVsbA==",
          "dependencies": [
            "aws_key_pair.key_pair",
            "module.ecs.aws_alb_target_group.alb_target_group",
            "module.ecs.aws_appautoscaling_target.target",
            "module.ecs.aws_cloudwatch_log_group.rails_postgres",
            "module.ecs.aws_ecr_repository.rails_postgres_app",
            "module.ecs.aws_ecs_cluster.cluster",
            "module.ecs.aws_ecs_service.web",
            "module.ecs.aws_ecs_task_definition.web",
            "module.ecs.aws_iam_role.ecs_autoscale_role",
            "module.ecs.aws_iam_role.ecs_execution_role",
            "module.ecs.aws_iam_role.ecs_role",
            "module.ecs.aws_iam_role_policy.ecs_service_role_policy",
            "module.ecs.aws_security_group.ecs_service",
            "module.ecs.data.aws_ecs_task_definition.web",
            "module.ecs.data.aws_iam_policy_document.ecs_service_policy",
            "module.ecs.data.aws_iam_policy_document.ecs_service_role",
            "module.ecs.random_id.target_group_sufix",
            "module.networking.aws_eip.nat_eip",
            "module.networking.aws_internet_gateway.ig",
            "module.networking.aws_nat_gateway.nat",
            "module.networking.aws_route.private_nat_gateway",
            "module.networking.aws_route.public_internet_gateway",
            "module.networking.aws_route_table.private",
            "module.networking.aws_route_table.public",
            "module.networking.aws_route_table_association.private",
            "module.networking.aws_route_table_association.public",
            "module.networking.aws_security_group.default",
            "module.networking.aws_subnet.private_subnet",
            "module.networking.aws_subnet.public_subnet",
            "module.networking.aws_vpc.vpc",
            "module.rds.aws_db_instance.rds"
          ]
        }
      ]
    },
    {
      "module": "module.ecs",
      "mode": "managed",
      "type": "aws_appautoscaling_policy",
      "name": "up",
      "provider": "provider[\"registry.terraform.io/hashicorp/aws\"]",
      "instances": [
        {
          "schema_version": 0,
          "attributes": {
            "arn": "arn:aws:autoscaling:ap-northeast-1:706169056500:scalingPolicy:fe90e6fa-c5f8-4ba3-8085-1501d04f7702:resource/ecs/service/production-ecs-cluster/production-web:policyName/production_scale_up",
            "id": "production_scale_up",
            "name": "production_scale_up",
            "policy_type": "StepScaling",
            "resource_id": "service/production-ecs-cluster/production-web",
            "scalable_dimension": "ecs:service:DesiredCount",
            "service_namespace": "ecs",
            "step_scaling_policy_configuration": [
              {
                "adjustment_type": "ChangeInCapacity",
                "cooldown": 60,
                "metric_aggregation_type": "Maximum",
                "min_adjustment_magnitude": 0,
                "step_adjustment": [
                  {
                    "metric_interval_lower_bound": "0",
                    "metric_interval_upper_bound": "",
                    "scaling_adjustment": 1
                  }
                ]
              }
            ],
            "target_tracking_scaling_policy_configuration": []
          },
          "sensitive_attributes": [],
          "private": "bnVsbA==",
          "dependencies": [
            "aws_key_pair.key_pair",
            "module.ecs.aws_alb_target_group.alb_target_group",
            "module.ecs.aws_appautoscaling_target.target",
            "module.ecs.aws_cloudwatch_log_group.rails_postgres",
            "module.ecs.aws_ecr_repository.rails_postgres_app",
            "module.ecs.aws_ecs_cluster.cluster",
            "module.ecs.aws_ecs_service.web",
            "module.ecs.aws_ecs_task_definition.web",
            "module.ecs.aws_iam_role.ecs_autoscale_role",
            "module.ecs.aws_iam_role.ecs_execution_role",
            "module.ecs.aws_iam_role.ecs_role",
            "module.ecs.aws_iam_role_policy.ecs_service_role_policy",
            "module.ecs.aws_security_group.ecs_service",
            "module.ecs.data.aws_ecs_task_definition.web",
            "module.ecs.data.aws_iam_policy_document.ecs_service_policy",
            "module.ecs.data.aws_iam_policy_document.ecs_service_role",
            "module.ecs.random_id.target_group_sufix",
            "module.networking.aws_eip.nat_eip",
            "module.networking.aws_internet_gateway.ig",
            "module.networking.aws_nat_gateway.nat",
            "module.networking.aws_route.private_nat_gateway",
            "module.networking.aws_route.public_internet_gateway",
            "module.networking.aws_route_table.private",
            "module.networking.aws_route_table.public",
            "module.networking.aws_route_table_association.private",
            "module.networking.aws_route_table_association.public",
            "module.networking.aws_security_group.default",
            "module.networking.aws_subnet.private_subnet",
            "module.networking.aws_subnet.public_subnet",
            "module.networking.aws_vpc.vpc",
            "module.rds.aws_db_instance.rds"
          ]
        }
      ]
    },
    {
      "module": "module.ecs",
      "mode": "managed",
      "type": "aws_appautoscaling_target",
      "name": "target",
      "provider": "provider[\"registry.terraform.io/hashicorp/aws\"]",
      "instances": [
        {
          "schema_version": 0,
          "attributes": {
            "id": "service/production-ecs-cluster/production-web",
            "max_capacity": 4,
            "min_capacity": 1,
            "resource_id": "service/production-ecs-cluster/production-web",
            "role_arn": "arn:aws:iam::706169056500:role/aws-service-role/ecs.application-autoscaling.amazonaws.com/AWSServiceRoleForApplicationAutoScaling_ECSService",
            "scalable_dimension": "ecs:service:DesiredCount",
            "service_namespace": "ecs"
          },
          "sensitive_attributes": [],
          "private": "bnVsbA==",
          "dependencies": [
            "aws_key_pair.key_pair",
            "module.ecs.aws_alb_target_group.alb_target_group",
            "module.ecs.aws_cloudwatch_log_group.rails_postgres",
            "module.ecs.aws_ecr_repository.rails_postgres_app",
            "module.ecs.aws_ecs_cluster.cluster",
            "module.ecs.aws_ecs_service.web",
            "module.ecs.aws_ecs_task_definition.web",
            "module.ecs.aws_iam_role.ecs_autoscale_role",
            "module.ecs.aws_iam_role.ecs_execution_role",
            "module.ecs.aws_iam_role.ecs_role",
            "module.ecs.aws_iam_role_policy.ecs_service_role_policy",
            "module.ecs.aws_security_group.ecs_service",
            "module.ecs.data.aws_ecs_task_definition.web",
            "module.ecs.data.aws_iam_policy_document.ecs_service_policy",
            "module.ecs.data.aws_iam_policy_document.ecs_service_role",
            "module.ecs.random_id.target_group_sufix",
            "module.networking.aws_eip.nat_eip",
            "module.networking.aws_internet_gateway.ig",
            "module.networking.aws_nat_gateway.nat",
            "module.networking.aws_route.private_nat_gateway",
            "module.networking.aws_route.public_internet_gateway",
            "module.networking.aws_route_table.private",
            "module.networking.aws_route_table.public",
            "module.networking.aws_route_table_association.private",
            "module.networking.aws_route_table_association.public",
            "module.networking.aws_security_group.default",
            "module.networking.aws_subnet.private_subnet",
            "module.networking.aws_subnet.public_subnet",
            "module.networking.aws_vpc.vpc",
            "module.rds.aws_db_instance.rds"
          ]
        }
      ]
    },
    {
      "module": "module.ecs",
      "mode": "managed",
      "type": "aws_cloudwatch_log_group",
      "name": "rails_postgres",
      "provider": "provider[\"registry.terraform.io/hashicorp/aws\"]",
      "instances": [
        {
          "schema_version": 0,
          "attributes": {
            "arn": "arn:aws:logs:ap-northeast-1:706169056500:log-group:rails_postgres",
            "id": "rails_postgres",
            "kms_key_id": "",
            "name": "rails_postgres",
            "name_prefix": null,
            "retention_in_days": 0,
            "tags": {
              "Application": "rails_postgres",
              "Environment": "production"
            },
            "tags_all": {
              "Application": "rails_postgres",
              "Environment": "production"
            }
          },
          "sensitive_attributes": [],
          "private": "bnVsbA=="
        }
      ]
    },
    {
      "module": "module.ecs",
      "mode": "managed",
      "type": "aws_cloudwatch_metric_alarm",
      "name": "service_cpu_high",
      "provider": "provider[\"registry.terraform.io/hashicorp/aws\"]",
      "instances": [
        {
          "schema_version": 1,
          "attributes": {
            "actions_enabled": true,
            "alarm_actions": [
              "arn:aws:autoscaling:ap-northeast-1:706169056500:scalingPolicy:fe90e6fa-c5f8-4ba3-8085-1501d04f7702:resource/ecs/service/production-ecs-cluster/production-web:policyName/production_scale_up"
            ],
            "alarm_description": "",
            "alarm_name": "production_rails_postgres_web_cpu_utilization_high",
            "arn": "arn:aws:cloudwatch:ap-northeast-1:706169056500:alarm:production_rails_postgres_web_cpu_utilization_high",
            "comparison_operator": "GreaterThanOrEqualToThreshold",
            "datapoints_to_alarm": 0,
            "dimensions": {
              "ClusterName": "production-ecs-cluster",
              "ServiceName": "production-web"
            },
            "evaluate_low_sample_count_percentiles": "",
            "evaluation_periods": 2,
            "extended_statistic": "",
            "id": "production_rails_postgres_web_cpu_utilization_high",
            "insufficient_data_actions": null,
            "metric_name": "CPUUtilization",
            "metric_query": [],
            "namespace": "AWS/ECS",
            "ok_actions": [
              "arn:aws:autoscaling:ap-northeast-1:706169056500:scalingPolicy:fe90e6fa-c5f8-4ba3-8085-1501d04f7702:resource/ecs/service/production-ecs-cluster/production-web:policyName/production_scale_down"
            ],
            "period": 60,
            "statistic": "Maximum",
            "tags": null,
            "tags_all": {},
            "threshold": 85,
            "threshold_metric_id": "",
            "treat_missing_data": "missing",
            "unit": ""
          },
          "sensitive_attributes": [],
          "private": "eyJzY2hlbWFfdmVyc2lvbiI6IjEifQ==",
          "dependencies": [
            "aws_key_pair.key_pair",
            "module.ecs.aws_alb_target_group.alb_target_group",
            "module.ecs.aws_appautoscaling_policy.down",
            "module.ecs.aws_appautoscaling_policy.up",
            "module.ecs.aws_appautoscaling_target.target",
            "module.ecs.aws_cloudwatch_log_group.rails_postgres",
            "module.ecs.aws_ecr_repository.rails_postgres_app",
            "module.ecs.aws_ecs_cluster.cluster",
            "module.ecs.aws_ecs_service.web",
            "module.ecs.aws_ecs_task_definition.web",
            "module.ecs.aws_iam_role.ecs_autoscale_role",
            "module.ecs.aws_iam_role.ecs_execution_role",
            "module.ecs.aws_iam_role.ecs_role",
            "module.ecs.aws_iam_role_policy.ecs_service_role_policy",
            "module.ecs.aws_security_group.ecs_service",
            "module.ecs.data.aws_ecs_task_definition.web",
            "module.ecs.data.aws_iam_policy_document.ecs_service_policy",
            "module.ecs.data.aws_iam_policy_document.ecs_service_role",
            "module.ecs.random_id.target_group_sufix",
            "module.networking.aws_eip.nat_eip",
            "module.networking.aws_internet_gateway.ig",
            "module.networking.aws_nat_gateway.nat",
            "module.networking.aws_route.private_nat_gateway",
            "module.networking.aws_route.public_internet_gateway",
            "module.networking.aws_route_table.private",
            "module.networking.aws_route_table.public",
            "module.networking.aws_route_table_association.private",
            "module.networking.aws_route_table_association.public",
            "module.networking.aws_security_group.default",
            "module.networking.aws_subnet.private_subnet",
            "module.networking.aws_subnet.public_subnet",
            "module.networking.aws_vpc.vpc",
            "module.rds.aws_db_instance.rds"
          ]
        }
      ]
    },
    {
      "module": "module.ecs",
      "mode": "managed",
      "type": "aws_ecr_repository",
      "name": "rails_postgres_app",
      "provider": "provider[\"registry.terraform.io/hashicorp/aws\"]",
      "instances": [
        {
          "schema_version": 0,
          "attributes": {
            "arn": "arn:aws:ecr:ap-northeast-1:706169056500:repository/rails_postgres/production",
            "encryption_configuration": [
              {
                "encryption_type": "AES256",
                "kms_key": ""
              }
            ],
            "id": "rails_postgres/production",
            "image_scanning_configuration": [
              {
                "scan_on_push": false
              }
            ],
            "image_tag_mutability": "MUTABLE",
            "name": "rails_postgres/production",
            "registry_id": "706169056500",
            "repository_url": "706169056500.dkr.ecr.ap-northeast-1.amazonaws.com/rails_postgres/production",
            "tags": null,
            "tags_all": {},
            "timeouts": null
          },
          "sensitive_attributes": [],
          "private": "eyJlMmJmYjczMC1lY2FhLTExZTYtOGY4OC0zNDM2M2JjN2M0YzAiOnsiZGVsZXRlIjoxMjAwMDAwMDAwMDAwfX0="
        }
      ]
    },
    {
      "module": "module.ecs",
      "mode": "managed",
      "type": "aws_ecs_cluster",
      "name": "cluster",
      "provider": "provider[\"registry.terraform.io/hashicorp/aws\"]",
      "instances": [
        {
          "schema_version": 0,
          "attributes": {
            "arn": "arn:aws:ecs:ap-northeast-1:706169056500:cluster/production-ecs-cluster",
            "capacity_providers": null,
            "configuration": [],
            "default_capacity_provider_strategy": [],
            "id": "arn:aws:ecs:ap-northeast-1:706169056500:cluster/production-ecs-cluster",
            "name": "production-ecs-cluster",
            "setting": [
              {
                "name": "containerInsights",
                "value": "disabled"
              }
            ],
            "tags": null,
            "tags_all": {}
          },
          "sensitive_attributes": [],
          "private": "bnVsbA=="
        }
      ]
    },
    {
      "module": "module.ecs",
      "mode": "managed",
      "type": "aws_ecs_service",
      "name": "web",
      "provider": "provider[\"registry.terraform.io/hashicorp/aws\"]",
      "instances": [
        {
          "schema_version": 0,
          "attributes": {
            "capacity_provider_strategy": [],
            "cluster": "arn:aws:ecs:ap-northeast-1:706169056500:cluster/production-ecs-cluster",
            "deployment_circuit_breaker": [
              {
                "enable": false,
                "rollback": false
              }
            ],
            "deployment_controller": [
              {
                "type": "ECS"
              }
            ],
            "deployment_maximum_percent": 200,
            "deployment_minimum_healthy_percent": 100,
            "desired_count": 2,
            "enable_ecs_managed_tags": false,
            "enable_execute_command": false,
            "force_new_deployment": null,
            "health_check_grace_period_seconds": 0,
            "iam_role": "aws-service-role",
            "id": "arn:aws:ecs:ap-northeast-1:706169056500:service/production-ecs-cluster/production-web",
            "launch_type": "FARGATE",
            "load_balancer": [
              {
                "container_name": "web",
                "container_port": 80,
                "elb_name": "",
                "target_group_arn": "arn:aws:elasticloadbalancing:ap-northeast-1:706169056500:targetgroup/production-alb-target-group-ae74/12941e1a89aa9c49"
              }
            ],
            "name": "production-web",
            "network_configuration": [
              {
                "assign_public_ip": false,
                "security_groups": [
                  "sg-05034d4726760c472"
                ],
                "subnets": [
                  "subnet-018722fee863afca8",
                  "subnet-030b6d2c2d295ba0a"
                ]
              }
            ],
            "ordered_placement_strategy": [],
            "placement_constraints": [],
            "platform_version": "LATEST",
            "propagate_tags": "NONE",
            "scheduling_strategy": "REPLICA",
            "service_registries": [],
            "tags": null,
            "tags_all": {},
            "task_definition": "production_web:1",
            "timeouts": null,
            "wait_for_steady_state": false
          },
          "sensitive_attributes": [],
          "private": "eyJlMmJmYjczMC1lY2FhLTExZTYtOGY4OC0zNDM2M2JjN2M0YzAiOnsiZGVsZXRlIjoxMjAwMDAwMDAwMDAwfX0=",
          "dependencies": [
            "aws_key_pair.key_pair",
            "module.ecs.aws_alb_target_group.alb_target_group",
            "module.ecs.aws_cloudwatch_log_group.rails_postgres",
            "module.ecs.aws_ecr_repository.rails_postgres_app",
            "module.ecs.aws_ecs_cluster.cluster",
            "module.ecs.aws_ecs_task_definition.web",
            "module.ecs.aws_iam_role.ecs_execution_role",
            "module.ecs.aws_iam_role.ecs_role",
            "module.ecs.aws_iam_role_policy.ecs_service_role_policy",
            "module.ecs.aws_security_group.ecs_service",
            "module.ecs.data.aws_ecs_task_definition.web",
            "module.ecs.data.aws_iam_policy_document.ecs_service_policy",
            "module.ecs.data.aws_iam_policy_document.ecs_service_role",
            "module.ecs.random_id.target_group_sufix",
            "module.networking.aws_eip.nat_eip",
            "module.networking.aws_internet_gateway.ig",
            "module.networking.aws_nat_gateway.nat",
            "module.networking.aws_route.private_nat_gateway",
            "module.networking.aws_route.public_internet_gateway",
            "module.networking.aws_route_table.private",
            "module.networking.aws_route_table.public",
            "module.networking.aws_route_table_association.private",
            "module.networking.aws_route_table_association.public",
            "module.networking.aws_security_group.default",
            "module.networking.aws_subnet.private_subnet",
            "module.networking.aws_subnet.public_subnet",
            "module.networking.aws_vpc.vpc",
            "module.rds.aws_db_instance.rds"
          ]
        }
      ]
    },
    {
      "module": "module.ecs",
      "mode": "managed",
      "type": "aws_ecs_task_definition",
      "name": "db_migrate",
      "provider": "provider[\"registry.terraform.io/hashicorp/aws\"]",
      "instances": [
        {
          "schema_version": 1,
          "attributes": {
            "arn": "arn:aws:ecs:ap-northeast-1:706169056500:task-definition/production_db_migrate:1",
            "container_definitions": "[{\"cpu\":0,\"environment\":[{\"name\":\"DATABASE_URL\",\"value\":\"postgresql://postgres:password@production-database.co8smpv5kged.ap-northeast-1.rds.amazonaws.com:5432/postgres?encoding=utf8\u0026pool=40\"},{\"name\":\"PORT\",\"value\":\"80\"},{\"name\":\"RAILS_ENV\",\"value\":\"production\"},{\"name\":\"RAILS_LOG_TO_STDOUT\",\"value\":\"true\"},{\"name\":\"RAILS_SERVE_STATIC_FILES\",\"value\":\"true\"},{\"name\":\"SECRET_KEY_BASE\",\"value\":\"129bbeec68f6fbe894a2df7bd20cac3fbab15c58de6ecabb5ca8be1b553d398d659cec5ec61e7e34e4d814ff2e359a65d93f3699cfea76fcc41eb54d0386a85a\"}],\"essential\":true,\"image\":\"706169056500.dkr.ecr.ap-northeast-1.amazonaws.com/rails_postgres/production\",\"logConfiguration\":{\"logDriver\":\"awslogs\",\"options\":{\"awslogs-group\":\"rails_postgres\",\"awslogs-region\":\"ap-northeast-1\",\"awslogs-stream-prefix\":\"web\"}},\"memory\":300,\"mountPoints\":[],\"name\":\"web\",\"portMappings\":[{\"containerPort\":80,\"hostPort\":80,\"protocol\":\"tcp\"}],\"volumesFrom\":[]}]",
            "cpu": "256",
            "ephemeral_storage": [],
            "execution_role_arn": "arn:aws:iam::706169056500:role/ecs_task_execution_role",
            "family": "production_db_migrate",
            "id": "production_db_migrate",
            "inference_accelerator": [],
            "ipc_mode": "",
            "memory": "512",
            "network_mode": "awsvpc",
            "pid_mode": "",
            "placement_constraints": [],
            "proxy_configuration": [],
            "requires_compatibilities": [
              "FARGATE"
            ],
            "revision": 1,
            "runtime_platform": [],
            "tags": null,
            "tags_all": {},
            "task_role_arn": "arn:aws:iam::706169056500:role/ecs_task_execution_role",
            "volume": []
          },
          "sensitive_attributes": [],
          "private": "eyJzY2hlbWFfdmVyc2lvbiI6IjEifQ==",
          "dependencies": [
            "aws_key_pair.key_pair",
            "module.ecs.aws_cloudwatch_log_group.rails_postgres",
            "module.ecs.aws_ecr_repository.rails_postgres_app",
            "module.ecs.aws_iam_role.ecs_execution_role",
            "module.networking.aws_eip.nat_eip",
            "module.networking.aws_internet_gateway.ig",
            "module.networking.aws_nat_gateway.nat",
            "module.networking.aws_route.private_nat_gateway",
            "module.networking.aws_route.public_internet_gateway",
            "module.networking.aws_route_table.private",
            "module.networking.aws_route_table.public",
            "module.networking.aws_route_table_association.private",
            "module.networking.aws_route_table_association.public",
            "module.networking.aws_security_group.default",
            "module.networking.aws_subnet.private_subnet",
            "module.networking.aws_subnet.public_subnet",
            "module.networking.aws_vpc.vpc",
            "module.rds.aws_db_instance.rds"
          ]
        }
      ]
    },
    {
      "module": "module.ecs",
      "mode": "managed",
      "type": "aws_ecs_task_definition",
      "name": "web",
      "provider": "provider[\"registry.terraform.io/hashicorp/aws\"]",
      "instances": [
        {
          "schema_version": 1,
          "attributes": {
            "arn": "arn:aws:ecs:ap-northeast-1:706169056500:task-definition/production_web:1",
            "container_definitions": "[{\"cpu\":0,\"environment\":[{\"name\":\"DATABASE_URL\",\"value\":\"postgresql://postgres:password@production-database.co8smpv5kged.ap-northeast-1.rds.amazonaws.com:5432/postgres?encoding=utf8\u0026pool=40\"},{\"name\":\"PORT\",\"value\":\"80\"},{\"name\":\"RAILS_ENV\",\"value\":\"production\"},{\"name\":\"RAILS_LOG_TO_STDOUT\",\"value\":\"true\"},{\"name\":\"RAILS_SERVE_STATIC_FILES\",\"value\":\"true\"},{\"name\":\"SECRET_KEY_BASE\",\"value\":\"129bbeec68f6fbe894a2df7bd20cac3fbab15c58de6ecabb5ca8be1b553d398d659cec5ec61e7e34e4d814ff2e359a65d93f3699cfea76fcc41eb54d0386a85a\"}],\"essential\":true,\"image\":\"706169056500.dkr.ecr.ap-northeast-1.amazonaws.com/rails_postgres/production\",\"logConfiguration\":{\"logDriver\":\"awslogs\",\"options\":{\"awslogs-group\":\"rails_postgres\",\"awslogs-region\":\"ap-northeast-1\",\"awslogs-stream-prefix\":\"web\"}},\"memory\":300,\"mountPoints\":[],\"name\":\"web\",\"portMappings\":[{\"containerPort\":80,\"hostPort\":80,\"protocol\":\"tcp\"}],\"volumesFrom\":[]}]",
            "cpu": "256",
            "ephemeral_storage": [],
            "execution_role_arn": "arn:aws:iam::706169056500:role/ecs_task_execution_role",
            "family": "production_web",
            "id": "production_web",
            "inference_accelerator": [],
            "ipc_mode": "",
            "memory": "512",
            "network_mode": "awsvpc",
            "pid_mode": "",
            "placement_constraints": [],
            "proxy_configuration": [],
            "requires_compatibilities": [
              "FARGATE"
            ],
            "revision": 1,
            "runtime_platform": [],
            "tags": null,
            "tags_all": {},
            "task_role_arn": "arn:aws:iam::706169056500:role/ecs_task_execution_role",
            "volume": []
          },
          "sensitive_attributes": [],
          "private": "eyJzY2hlbWFfdmVyc2lvbiI6IjEifQ==",
          "dependencies": [
            "aws_key_pair.key_pair",
            "module.ecs.aws_cloudwatch_log_group.rails_postgres",
            "module.ecs.aws_ecr_repository.rails_postgres_app",
            "module.ecs.aws_iam_role.ecs_execution_role",
            "module.networking.aws_eip.nat_eip",
            "module.networking.aws_internet_gateway.ig",
            "module.networking.aws_nat_gateway.nat",
            "module.networking.aws_route.private_nat_gateway",
            "module.networking.aws_route.public_internet_gateway",
            "module.networking.aws_route_table.private",
            "module.networking.aws_route_table.public",
            "module.networking.aws_route_table_association.private",
            "module.networking.aws_route_table_association.public",
            "module.networking.aws_security_group.default",
            "module.networking.aws_subnet.private_subnet",
            "module.networking.aws_subnet.public_subnet",
            "module.networking.aws_vpc.vpc",
            "module.rds.aws_db_instance.rds"
          ]
        }
      ]
    },
    {
      "module": "module.ecs",
      "mode": "managed",
      "type": "aws_iam_role",
      "name": "ecs_autoscale_role",
      "provider": "provider[\"registry.terraform.io/hashicorp/aws\"]",
      "instances": [
        {
          "schema_version": 0,
          "attributes": {
            "arn": "arn:aws:iam::706169056500:role/production_ecs_autoscale_role",
            "assume_role_policy": "{\"Version\":\"2012-10-17\",\"Statement\":[{\"Effect\":\"Allow\",\"Principal\":{\"Service\":\"application-autoscaling.amazonaws.com\"},\"Action\":\"sts:AssumeRole\"}]}",
            "create_date": "2022-01-03T09:24:47Z",
            "description": "",
            "force_detach_policies": false,
            "id": "production_ecs_autoscale_role",
            "inline_policy": [
              {
                "name": "",
                "policy": ""
              }
            ],
            "managed_policy_arns": [],
            "max_session_duration": 3600,
            "name": "production_ecs_autoscale_role",
            "name_prefix": "",
            "path": "/",
            "permissions_boundary": null,
            "tags": null,
            "tags_all": {},
            "unique_id": "AROA2I2XUVT2H7EBLU5N4"
          },
          "sensitive_attributes": [],
          "private": "bnVsbA=="
        }
      ]
    },
    {
      "module": "module.ecs",
      "mode": "managed",
      "type": "aws_iam_role",
      "name": "ecs_execution_role",
      "provider": "provider[\"registry.terraform.io/hashicorp/aws\"]",
      "instances": [
        {
          "schema_version": 0,
          "attributes": {
            "arn": "arn:aws:iam::706169056500:role/ecs_task_execution_role",
            "assume_role_policy": "{\"Version\":\"2012-10-17\",\"Statement\":[{\"Sid\":\"\",\"Effect\":\"Allow\",\"Principal\":{\"Service\":\"ecs-tasks.amazonaws.com\"},\"Action\":\"sts:AssumeRole\"}]}",
            "create_date": "2022-01-03T09:24:47Z",
            "description": "",
            "force_detach_policies": false,
            "id": "ecs_task_execution_role",
            "inline_policy": [
              {
                "name": "",
                "policy": ""
              }
            ],
            "managed_policy_arns": [],
            "max_session_duration": 3600,
            "name": "ecs_task_execution_role",
            "name_prefix": "",
            "path": "/",
            "permissions_boundary": null,
            "tags": null,
            "tags_all": {},
            "unique_id": "AROA2I2XUVT2L5QN4QHCF"
          },
          "sensitive_attributes": [],
          "private": "bnVsbA=="
        }
      ]
    },
    {
      "module": "module.ecs",
      "mode": "managed",
      "type": "aws_iam_role",
      "name": "ecs_role",
      "provider": "provider[\"registry.terraform.io/hashicorp/aws\"]",
      "instances": [
        {
          "schema_version": 0,
          "attributes": {
            "arn": "arn:aws:iam::706169056500:role/ecs_role",
            "assume_role_policy": "{\"Version\":\"2012-10-17\",\"Statement\":[{\"Sid\":\"\",\"Effect\":\"Allow\",\"Principal\":{\"Service\":\"ecs.amazonaws.com\"},\"Action\":\"sts:AssumeRole\"}]}",
            "create_date": "2022-01-03T09:24:47Z",
            "description": "",
            "force_detach_policies": false,
            "id": "ecs_role",
            "inline_policy": [
              {
                "name": "",
                "policy": ""
              }
            ],
            "managed_policy_arns": [],
            "max_session_duration": 3600,
            "name": "ecs_role",
            "name_prefix": "",
            "path": "/",
            "permissions_boundary": null,
            "tags": null,
            "tags_all": {},
            "unique_id": "AROA2I2XUVT2OXQEJG3NO"
          },
          "sensitive_attributes": [],
          "private": "bnVsbA==",
          "dependencies": [
            "module.ecs.data.aws_iam_policy_document.ecs_service_role"
          ]
        }
      ]
    },
    {
      "module": "module.ecs",
      "mode": "managed",
      "type": "aws_iam_role_policy",
      "name": "ecs_autoscale_role_policy",
      "provider": "provider[\"registry.terraform.io/hashicorp/aws\"]",
      "instances": [
        {
          "schema_version": 0,
          "attributes": {
            "id": "production_ecs_autoscale_role:ecs_autoscale_role_policy",
            "name": "ecs_autoscale_role_policy",
            "name_prefix": null,
            "policy": "{\n  \"Version\": \"2012-10-17\",\n  \"Statement\": [\n    {\n      \"Effect\": \"Allow\",\n      \"Action\": [\"ecs:DescribeServices\", \"ecs:UpdateService\"],\n      \"Resource\": [\"*\"]\n    },\n    {\n      \"Effect\": \"Allow\",\n      \"Action\": [\"cloudwatch:DescribeAlarms\"],\n      \"Resource\": [\"*\"]\n    }\n  ]\n}\n",
            "role": "production_ecs_autoscale_role"
          },
          "sensitive_attributes": [],
          "private": "bnVsbA==",
          "dependencies": [
            "module.ecs.aws_iam_role.ecs_autoscale_role"
          ]
        }
      ]
    },
    {
      "module": "module.ecs",
      "mode": "managed",
      "type": "aws_iam_role_policy",
      "name": "ecs_execution_role_policy",
      "provider": "provider[\"registry.terraform.io/hashicorp/aws\"]",
      "instances": [
        {
          "schema_version": 0,
          "attributes": {
            "id": "ecs_task_execution_role:ecs_execution_role_policy",
            "name": "ecs_execution_role_policy",
            "name_prefix": null,
            "policy": "{\n  \"Version\": \"2012-10-17\",\n  \"Statement\": [\n    {\n      \"Effect\": \"Allow\",\n      \"Action\": [\n        \"ecr:GetAuthorizationToken\",\n        \"ecr:BatchCheckLayerAvailability\",\n        \"ecr:GetDownloadUrlForLayer\",\n        \"ecr:BatchGetImage\",\n        \"logs:CreateLogStream\",\n        \"logs:PutLogEvents\"\n      ],\n      \"Resource\": \"*\"\n    }\n  ]\n}\n",
            "role": "ecs_task_execution_role"
          },
          "sensitive_attributes": [],
          "private": "bnVsbA==",
          "dependencies": [
            "module.ecs.aws_iam_role.ecs_execution_role"
          ]
        }
      ]
    },
    {
      "module": "module.ecs",
      "mode": "managed",
      "type": "aws_iam_role_policy",
      "name": "ecs_service_role_policy",
      "provider": "provider[\"registry.terraform.io/hashicorp/aws\"]",
      "instances": [
        {
          "schema_version": 0,
          "attributes": {
            "id": "ecs_role:ecs_service_role_policy",
            "name": "ecs_service_role_policy",
            "name_prefix": null,
            "policy": "{\n  \"Version\": \"2012-10-17\",\n  \"Statement\": [\n    {\n      \"Sid\": \"\",\n      \"Effect\": \"Allow\",\n      \"Action\": [\n        \"elasticloadbalancing:RegisterInstancesWithLoadBalancer\",\n        \"elasticloadbalancing:Describe*\",\n        \"elasticloadbalancing:DeregisterInstancesFromLoadBalancer\",\n        \"ec2:Describe*\",\n        \"ec2:AuthorizeSecurityGroupIngress\"\n      ],\n      \"Resource\": \"*\"\n    }\n  ]\n}",
            "role": "ecs_role"
          },
          "sensitive_attributes": [],
          "private": "bnVsbA==",
          "dependencies": [
            "module.ecs.aws_iam_role.ecs_role",
            "module.ecs.data.aws_iam_policy_document.ecs_service_policy",
            "module.ecs.data.aws_iam_policy_document.ecs_service_role"
          ]
        }
      ]
    },
    {
      "module": "module.ecs",
      "mode": "managed",
      "type": "aws_security_group",
      "name": "ecs_service",
      "provider": "provider[\"registry.terraform.io/hashicorp/aws\"]",
      "instances": [
        {
          "schema_version": 1,
          "attributes": {
            "arn": "arn:aws:ec2:ap-northeast-1:706169056500:security-group/sg-05034d4726760c472",
            "description": "Allow egress from container",
            "egress": [
              {
                "cidr_blocks": [
                  "0.0.0.0/0"
                ],
                "description": "",
                "from_port": 0,
                "ipv6_cidr_blocks": [],
                "prefix_list_ids": [],
                "protocol": "-1",
                "security_groups": [],
                "self": false,
                "to_port": 0
              }
            ],
            "id": "sg-05034d4726760c472",
            "ingress": [
              {
                "cidr_blocks": [
                  "0.0.0.0/0"
                ],
                "description": "",
                "from_port": 8,
                "ipv6_cidr_blocks": [],
                "prefix_list_ids": [],
                "protocol": "icmp",
                "security_groups": [],
                "self": false,
                "to_port": 0
              }
            ],
            "name": "production-ecs-service-sg",
            "name_prefix": "",
            "owner_id": "706169056500",
            "revoke_rules_on_delete": false,
            "tags": {
              "Environment": "production",
              "Name": "production-ecs-service-sg"
            },
            "tags_all": {
              "Environment": "production",
              "Name": "production-ecs-service-sg"
            },
            "timeouts": null,
            "vpc_id": "vpc-0298690a46596817f"
          },
          "sensitive_attributes": [],
          "private": "eyJlMmJmYjczMC1lY2FhLTExZTYtOGY4OC0zNDM2M2JjN2M0YzAiOnsiY3JlYXRlIjo2MDAwMDAwMDAwMDAsImRlbGV0ZSI6OTAwMDAwMDAwMDAwfSwic2NoZW1hX3ZlcnNpb24iOiIxIn0=",
          "dependencies": [
            "module.networking.aws_vpc.vpc"
          ]
        }
      ]
    },
    {
      "module": "module.ecs",
      "mode": "managed",
      "type": "aws_security_group",
      "name": "web_inbound_sg",
      "provider": "provider[\"registry.terraform.io/hashicorp/aws\"]",
      "instances": [
        {
          "schema_version": 1,
          "attributes": {
            "arn": "arn:aws:ec2:ap-northeast-1:706169056500:security-group/sg-0a58575b6ea527747",
            "description": "Allow HTTP from Anywhere into ALB",
            "egress": [
              {
                "cidr_blocks": [
                  "0.0.0.0/0"
                ],
                "description": "",
                "from_port": 0,
                "ipv6_cidr_blocks": [],
                "prefix_list_ids": [],
                "protocol": "-1",
                "security_groups": [],
                "self": false,
                "to_port": 0
              }
            ],
            "id": "sg-0a58575b6ea527747",
            "ingress": [
              {
                "cidr_blocks": [
                  "0.0.0.0/0"
                ],
                "description": "",
                "from_port": 80,
                "ipv6_cidr_blocks": [],
                "prefix_list_ids": [],
                "protocol": "tcp",
                "security_groups": [],
                "self": false,
                "to_port": 80
              },
              {
                "cidr_blocks": [
                  "0.0.0.0/0"
                ],
                "description": "",
                "from_port": 8,
                "ipv6_cidr_blocks": [],
                "prefix_list_ids": [],
                "protocol": "icmp",
                "security_groups": [],
                "self": false,
                "to_port": 0
              }
            ],
            "name": "production-web-inbound-sg",
            "name_prefix": "",
            "owner_id": "706169056500",
            "revoke_rules_on_delete": false,
            "tags": {
              "Name": "production-web-inbound-sg"
            },
            "tags_all": {
              "Name": "production-web-inbound-sg"
            },
            "timeouts": null,
            "vpc_id": "vpc-0298690a46596817f"
          },
          "sensitive_attributes": [],
          "private": "eyJlMmJmYjczMC1lY2FhLTExZTYtOGY4OC0zNDM2M2JjN2M0YzAiOnsiY3JlYXRlIjo2MDAwMDAwMDAwMDAsImRlbGV0ZSI6OTAwMDAwMDAwMDAwfSwic2NoZW1hX3ZlcnNpb24iOiIxIn0=",
          "dependencies": [
            "module.networking.aws_vpc.vpc"
          ]
        }
      ]
    },
    {
      "module": "module.ecs",
      "mode": "managed",
      "type": "random_id",
      "name": "target_group_sufix",
      "provider": "provider[\"registry.terraform.io/hashicorp/random\"]",
      "instances": [
        {
          "schema_version": 0,
          "attributes": {
            "b64_std": "rnQ=",
            "b64_url": "rnQ",
            "byte_length": 2,
            "dec": "44660",
            "hex": "ae74",
            "id": "rnQ",
            "keepers": null,
            "prefix": null
          },
          "sensitive_attributes": [],
          "private": "bnVsbA==",
          "create_before_destroy": true
        }
      ]
    },
    {
      "module": "module.networking",
      "mode": "managed",
      "type": "aws_eip",
      "name": "nat_eip",
      "provider": "provider[\"registry.terraform.io/hashicorp/aws\"]",
      "instances": [
        {
          "schema_version": 0,
          "attributes": {
            "address": null,
            "allocation_id": "eipalloc-08a22fc53d611a693",
            "associate_with_private_ip": null,
            "association_id": "eipassoc-08f2fcc07378e2985",
            "carrier_ip": "",
            "customer_owned_ip": "",
            "customer_owned_ipv4_pool": "",
            "domain": "vpc",
            "id": "eipalloc-08a22fc53d611a693",
            "instance": "",
            "network_border_group": "ap-northeast-1",
            "network_interface": "eni-0e22f70df894003da",
            "private_dns": "ip-10-0-1-47.ap-northeast-1.compute.internal",
            "private_ip": "10.0.1.47",
            "public_dns": "ec2-13-231-73-186.ap-northeast-1.compute.amazonaws.com",
            "public_ip": "13.231.73.186",
            "public_ipv4_pool": "amazon",
            "tags": {},
            "tags_all": {},
            "timeouts": null,
            "vpc": true
          },
          "sensitive_attributes": [],
          "private": "eyJlMmJmYjczMC1lY2FhLTExZTYtOGY4OC0zNDM2M2JjN2M0YzAiOnsiZGVsZXRlIjoxODAwMDAwMDAwMDAsInJlYWQiOjkwMDAwMDAwMDAwMCwidXBkYXRlIjozMDAwMDAwMDAwMDB9fQ==",
          "dependencies": [
            "module.networking.aws_internet_gateway.ig",
            "module.networking.aws_vpc.vpc"
          ]
        }
      ]
    },
    {
      "module": "module.networking",
      "mode": "managed",
      "type": "aws_internet_gateway",
      "name": "ig",
      "provider": "provider[\"registry.terraform.io/hashicorp/aws\"]",
      "instances": [
        {
          "schema_version": 0,
          "attributes": {
            "arn": "arn:aws:ec2:ap-northeast-1:706169056500:internet-gateway/igw-05369785ab9bf26bb",
            "id": "igw-05369785ab9bf26bb",
            "owner_id": "706169056500",
            "tags": {
              "Environment": "production",
              "Name": "production-igw"
            },
            "tags_all": {
              "Environment": "production",
              "Name": "production-igw"
            },
            "vpc_id": "vpc-0298690a46596817f"
          },
          "sensitive_attributes": [],
          "private": "bnVsbA==",
          "dependencies": [
            "module.networking.aws_vpc.vpc"
          ]
        }
      ]
    },
    {
      "module": "module.networking",
      "mode": "managed",
      "type": "aws_nat_gateway",
      "name": "nat",
      "provider": "provider[\"registry.terraform.io/hashicorp/aws\"]",
      "instances": [
        {
          "schema_version": 0,
          "attributes": {
            "allocation_id": "eipalloc-08a22fc53d611a693",
            "connectivity_type": "public",
            "id": "nat-037582c2a01b04c83",
            "network_interface_id": "eni-0e22f70df894003da",
            "private_ip": "10.0.1.47",
            "public_ip": "13.231.73.186",
            "subnet_id": "subnet-0f6d2d11f4ccae1d6",
            "tags": {
              "Environment": "production",
              "Name": "production-ap-northeast-1a-nat"
            },
            "tags_all": {
              "Environment": "production",
              "Name": "production-ap-northeast-1a-nat"
            }
          },
          "sensitive_attributes": [],
          "private": "bnVsbA==",
          "dependencies": [
            "module.networking.aws_vpc.vpc",
            "module.networking.aws_eip.nat_eip",
            "module.networking.aws_internet_gateway.ig",
            "module.networking.aws_subnet.public_subnet"
          ]
        }
      ]
    },
    {
      "module": "module.networking",
      "mode": "managed",
      "type": "aws_route",
      "name": "private_nat_gateway",
      "provider": "provider[\"registry.terraform.io/hashicorp/aws\"]",
      "instances": [
        {
          "schema_version": 0,
          "attributes": {
            "carrier_gateway_id": "",
            "destination_cidr_block": "0.0.0.0/0",
            "destination_ipv6_cidr_block": "",
            "destination_prefix_list_id": "",
            "egress_only_gateway_id": "",
            "gateway_id": "",
            "id": "r-rtb-0e14ad84ac5aee1331080289494",
            "instance_id": "",
            "instance_owner_id": "",
            "local_gateway_id": "",
            "nat_gateway_id": "nat-037582c2a01b04c83",
            "network_interface_id": "",
            "origin": "CreateRoute",
            "route_table_id": "rtb-0e14ad84ac5aee133",
            "state": "active",
            "timeouts": null,
            "transit_gateway_id": "",
            "vpc_endpoint_id": "",
            "vpc_peering_connection_id": ""
          },
          "sensitive_attributes": [],
          "private": "eyJlMmJmYjczMC1lY2FhLTExZTYtOGY4OC0zNDM2M2JjN2M0YzAiOnsiY3JlYXRlIjozMDAwMDAwMDAwMDAsImRlbGV0ZSI6MzAwMDAwMDAwMDAwLCJ1cGRhdGUiOjEyMDAwMDAwMDAwMH19",
          "dependencies": [
            "module.networking.aws_internet_gateway.ig",
            "module.networking.aws_nat_gateway.nat",
            "module.networking.aws_route_table.private",
            "module.networking.aws_subnet.public_subnet",
            "module.networking.aws_vpc.vpc",
            "module.networking.aws_eip.nat_eip"
          ]
        }
      ]
    },
    {
      "module": "module.networking",
      "mode": "managed",
      "type": "aws_route",
      "name": "public_internet_gateway",
      "provider": "provider[\"registry.terraform.io/hashicorp/aws\"]",
      "instances": [
        {
          "schema_version": 0,
          "attributes": {
            "carrier_gateway_id": "",
            "destination_cidr_block": "0.0.0.0/0",
            "destination_ipv6_cidr_block": "",
            "destination_prefix_list_id": "",
            "egress_only_gateway_id": "",
            "gateway_id": "igw-05369785ab9bf26bb",
            "id": "r-rtb-02295385ccfa2e6831080289494",
            "instance_id": "",
            "instance_owner_id": "",
            "local_gateway_id": "",
            "nat_gateway_id": "",
            "network_interface_id": "",
            "origin": "CreateRoute",
            "route_table_id": "rtb-02295385ccfa2e683",
            "state": "active",
            "timeouts": null,
            "transit_gateway_id": "",
            "vpc_endpoint_id": "",
            "vpc_peering_connection_id": ""
          },
          "sensitive_attributes": [],
          "private": "eyJlMmJmYjczMC1lY2FhLTExZTYtOGY4OC0zNDM2M2JjN2M0YzAiOnsiY3JlYXRlIjozMDAwMDAwMDAwMDAsImRlbGV0ZSI6MzAwMDAwMDAwMDAwLCJ1cGRhdGUiOjEyMDAwMDAwMDAwMH19",
          "dependencies": [
            "module.networking.aws_internet_gateway.ig",
            "module.networking.aws_route_table.public",
            "module.networking.aws_vpc.vpc"
          ]
        }
      ]
    },
    {
      "module": "module.networking",
      "mode": "managed",
      "type": "aws_route_table",
      "name": "private",
      "provider": "provider[\"registry.terraform.io/hashicorp/aws\"]",
      "instances": [
        {
          "schema_version": 0,
          "attributes": {
            "arn": "arn:aws:ec2:ap-northeast-1:706169056500:route-table/rtb-0e14ad84ac5aee133",
            "id": "rtb-0e14ad84ac5aee133",
            "owner_id": "706169056500",
            "propagating_vgws": [],
            "route": [
              {
                "carrier_gateway_id": "",
                "cidr_block": "0.0.0.0/0",
                "destination_prefix_list_id": "",
                "egress_only_gateway_id": "",
                "gateway_id": "",
                "instance_id": "",
                "ipv6_cidr_block": "",
                "local_gateway_id": "",
                "nat_gateway_id": "nat-037582c2a01b04c83",
                "network_interface_id": "",
                "transit_gateway_id": "",
                "vpc_endpoint_id": "",
                "vpc_peering_connection_id": ""
              }
            ],
            "tags": {
              "Environment": "production",
              "Name": "production-private-route-table"
            },
            "tags_all": {
              "Environment": "production",
              "Name": "production-private-route-table"
            },
            "timeouts": null,
            "vpc_id": "vpc-0298690a46596817f"
          },
          "sensitive_attributes": [],
          "private": "eyJlMmJmYjczMC1lY2FhLTExZTYtOGY4OC0zNDM2M2JjN2M0YzAiOnsiY3JlYXRlIjozMDAwMDAwMDAwMDAsImRlbGV0ZSI6MzAwMDAwMDAwMDAwLCJ1cGRhdGUiOjEyMDAwMDAwMDAwMH19",
          "dependencies": [
            "module.networking.aws_vpc.vpc"
          ]
        }
      ]
    },
    {
      "module": "module.networking",
      "mode": "managed",
      "type": "aws_route_table",
      "name": "public",
      "provider": "provider[\"registry.terraform.io/hashicorp/aws\"]",
      "instances": [
        {
          "schema_version": 0,
          "attributes": {
            "arn": "arn:aws:ec2:ap-northeast-1:706169056500:route-table/rtb-02295385ccfa2e683",
            "id": "rtb-02295385ccfa2e683",
            "owner_id": "706169056500",
            "propagating_vgws": [],
            "route": [
              {
                "carrier_gateway_id": "",
                "cidr_block": "0.0.0.0/0",
                "destination_prefix_list_id": "",
                "egress_only_gateway_id": "",
                "gateway_id": "igw-05369785ab9bf26bb",
                "instance_id": "",
                "ipv6_cidr_block": "",
                "local_gateway_id": "",
                "nat_gateway_id": "",
                "network_interface_id": "",
                "transit_gateway_id": "",
                "vpc_endpoint_id": "",
                "vpc_peering_connection_id": ""
              }
            ],
            "tags": {
              "Environment": "production",
              "Name": "production-public-route-table"
            },
            "tags_all": {
              "Environment": "production",
              "Name": "production-public-route-table"
            },
            "timeouts": null,
            "vpc_id": "vpc-0298690a46596817f"
          },
          "sensitive_attributes": [],
          "private": "eyJlMmJmYjczMC1lY2FhLTExZTYtOGY4OC0zNDM2M2JjN2M0YzAiOnsiY3JlYXRlIjozMDAwMDAwMDAwMDAsImRlbGV0ZSI6MzAwMDAwMDAwMDAwLCJ1cGRhdGUiOjEyMDAwMDAwMDAwMH19",
          "dependencies": [
            "module.networking.aws_vpc.vpc"
          ]
        }
      ]
    },
    {
      "module": "module.networking",
      "mode": "managed",
      "type": "aws_route_table_association",
      "name": "private",
      "provider": "provider[\"registry.terraform.io/hashicorp/aws\"]",
      "instances": [
        {
          "index_key": 0,
          "schema_version": 0,
          "attributes": {
            "gateway_id": "",
            "id": "rtbassoc-0802c3789812bd38a",
            "route_table_id": "rtb-0e14ad84ac5aee133",
            "subnet_id": "subnet-030b6d2c2d295ba0a"
          },
          "sensitive_attributes": [],
          "private": "bnVsbA==",
          "dependencies": [
            "module.networking.aws_route_table.private",
            "module.networking.aws_subnet.private_subnet",
            "module.networking.aws_vpc.vpc"
          ]
        },
        {
          "index_key": 1,
          "schema_version": 0,
          "attributes": {
            "gateway_id": "",
            "id": "rtbassoc-03ae6eb36be08c118",
            "route_table_id": "rtb-0e14ad84ac5aee133",
            "subnet_id": "subnet-018722fee863afca8"
          },
          "sensitive_attributes": [],
          "private": "bnVsbA==",
          "dependencies": [
            "module.networking.aws_route_table.private",
            "module.networking.aws_subnet.private_subnet",
            "module.networking.aws_vpc.vpc"
          ]
        }
      ]
    },
    {
      "module": "module.networking",
      "mode": "managed",
      "type": "aws_route_table_association",
      "name": "public",
      "provider": "provider[\"registry.terraform.io/hashicorp/aws\"]",
      "instances": [
        {
          "index_key": 0,
          "schema_version": 0,
          "attributes": {
            "gateway_id": "",
            "id": "rtbassoc-0c875341fa4a067fd",
            "route_table_id": "rtb-02295385ccfa2e683",
            "subnet_id": "subnet-0f6d2d11f4ccae1d6"
          },
          "sensitive_attributes": [],
          "private": "bnVsbA==",
          "dependencies": [
            "module.networking.aws_route_table.public",
            "module.networking.aws_subnet.public_subnet",
            "module.networking.aws_vpc.vpc"
          ]
        },
        {
          "index_key": 1,
          "schema_version": 0,
          "attributes": {
            "gateway_id": "",
            "id": "rtbassoc-012e4a7a52e8a1efa",
            "route_table_id": "rtb-02295385ccfa2e683",
            "subnet_id": "subnet-0e90bbeedc815455c"
          },
          "sensitive_attributes": [],
          "private": "bnVsbA==",
          "dependencies": [
            "module.networking.aws_route_table.public",
            "module.networking.aws_subnet.public_subnet",
            "module.networking.aws_vpc.vpc"
          ]
        }
      ]
    },
    {
      "module": "module.networking",
      "mode": "managed",
      "type": "aws_security_group",
      "name": "default",
      "provider": "provider[\"registry.terraform.io/hashicorp/aws\"]",
      "instances": [
        {
          "schema_version": 1,
          "attributes": {
            "arn": "arn:aws:ec2:ap-northeast-1:706169056500:security-group/sg-07762dd9e9b70aea4",
            "description": "Default security group to allow inbound/outbound from the VPC",
            "egress": [
              {
                "cidr_blocks": [],
                "description": "",
                "from_port": 0,
                "ipv6_cidr_blocks": [],
                "prefix_list_ids": [],
                "protocol": "-1",
                "security_groups": [],
                "self": true,
                "to_port": 0
              }
            ],
            "id": "sg-07762dd9e9b70aea4",
            "ingress": [
              {
                "cidr_blocks": [],
                "description": "",
                "from_port": 0,
                "ipv6_cidr_blocks": [],
                "prefix_list_ids": [],
                "protocol": "-1",
                "security_groups": [],
                "self": true,
                "to_port": 0
              }
            ],
            "name": "production-default-sg",
            "name_prefix": "",
            "owner_id": "706169056500",
            "revoke_rules_on_delete": false,
            "tags": {
              "Environment": "production"
            },
            "tags_all": {
              "Environment": "production"
            },
            "timeouts": null,
            "vpc_id": "vpc-0298690a46596817f"
          },
          "sensitive_attributes": [],
          "private": "eyJlMmJmYjczMC1lY2FhLTExZTYtOGY4OC0zNDM2M2JjN2M0YzAiOnsiY3JlYXRlIjo2MDAwMDAwMDAwMDAsImRlbGV0ZSI6OTAwMDAwMDAwMDAwfSwic2NoZW1hX3ZlcnNpb24iOiIxIn0=",
          "dependencies": [
            "module.networking.aws_vpc.vpc"
          ]
        }
      ]
    },
    {
      "module": "module.networking",
      "mode": "managed",
      "type": "aws_subnet",
      "name": "private_subnet",
      "provider": "provider[\"registry.terraform.io/hashicorp/aws\"]",
      "instances": [
        {
          "index_key": 0,
          "schema_version": 1,
          "attributes": {
            "arn": "arn:aws:ec2:ap-northeast-1:706169056500:subnet/subnet-030b6d2c2d295ba0a",
            "assign_ipv6_address_on_creation": false,
            "availability_zone": "ap-northeast-1a",
            "availability_zone_id": "apne1-az4",
            "cidr_block": "10.0.10.0/24",
            "customer_owned_ipv4_pool": "",
            "id": "subnet-030b6d2c2d295ba0a",
            "ipv6_cidr_block": "",
            "ipv6_cidr_block_association_id": "",
            "map_customer_owned_ip_on_launch": false,
            "map_public_ip_on_launch": false,
            "outpost_arn": "",
            "owner_id": "706169056500",
            "tags": {
              "Environment": "production",
              "Name": "production-ap-northeast-1a-private-subnet"
            },
            "tags_all": {
              "Environment": "production",
              "Name": "production-ap-northeast-1a-private-subnet"
            },
            "timeouts": null,
            "vpc_id": "vpc-0298690a46596817f"
          },
          "sensitive_attributes": [],
          "private": "eyJlMmJmYjczMC1lY2FhLTExZTYtOGY4OC0zNDM2M2JjN2M0YzAiOnsiY3JlYXRlIjo2MDAwMDAwMDAwMDAsImRlbGV0ZSI6MTIwMDAwMDAwMDAwMH0sInNjaGVtYV92ZXJzaW9uIjoiMSJ9",
          "dependencies": [
            "module.networking.aws_vpc.vpc"
          ]
        },
        {
          "index_key": 1,
          "schema_version": 1,
          "attributes": {
            "arn": "arn:aws:ec2:ap-northeast-1:706169056500:subnet/subnet-018722fee863afca8",
            "assign_ipv6_address_on_creation": false,
            "availability_zone": "ap-northeast-1c",
            "availability_zone_id": "apne1-az1",
            "cidr_block": "10.0.20.0/24",
            "customer_owned_ipv4_pool": "",
            "id": "subnet-018722fee863afca8",
            "ipv6_cidr_block": "",
            "ipv6_cidr_block_association_id": "",
            "map_customer_owned_ip_on_launch": false,
            "map_public_ip_on_launch": false,
            "outpost_arn": "",
            "owner_id": "706169056500",
            "tags": {
              "Environment": "production",
              "Name": "production-ap-northeast-1c-private-subnet"
            },
            "tags_all": {
              "Environment": "production",
              "Name": "production-ap-northeast-1c-private-subnet"
            },
            "timeouts": null,
            "vpc_id": "vpc-0298690a46596817f"
          },
          "sensitive_attributes": [],
          "private": "eyJlMmJmYjczMC1lY2FhLTExZTYtOGY4OC0zNDM2M2JjN2M0YzAiOnsiY3JlYXRlIjo2MDAwMDAwMDAwMDAsImRlbGV0ZSI6MTIwMDAwMDAwMDAwMH0sInNjaGVtYV92ZXJzaW9uIjoiMSJ9",
          "dependencies": [
            "module.networking.aws_vpc.vpc"
          ]
        }
      ]
    },
    {
      "module": "module.networking",
      "mode": "managed",
      "type": "aws_subnet",
      "name": "public_subnet",
      "provider": "provider[\"registry.terraform.io/hashicorp/aws\"]",
      "instances": [
        {
          "index_key": 0,
          "schema_version": 1,
          "attributes": {
            "arn": "arn:aws:ec2:ap-northeast-1:706169056500:subnet/subnet-0f6d2d11f4ccae1d6",
            "assign_ipv6_address_on_creation": false,
            "availability_zone": "ap-northeast-1a",
            "availability_zone_id": "apne1-az4",
            "cidr_block": "10.0.1.0/24",
            "customer_owned_ipv4_pool": "",
            "id": "subnet-0f6d2d11f4ccae1d6",
            "ipv6_cidr_block": "",
            "ipv6_cidr_block_association_id": "",
            "map_customer_owned_ip_on_launch": false,
            "map_public_ip_on_launch": true,
            "outpost_arn": "",
            "owner_id": "706169056500",
            "tags": {
              "Environment": "production",
              "Name": "production-ap-northeast-1a-public-subnet"
            },
            "tags_all": {
              "Environment": "production",
              "Name": "production-ap-northeast-1a-public-subnet"
            },
            "timeouts": null,
            "vpc_id": "vpc-0298690a46596817f"
          },
          "sensitive_attributes": [],
          "private": "eyJlMmJmYjczMC1lY2FhLTExZTYtOGY4OC0zNDM2M2JjN2M0YzAiOnsiY3JlYXRlIjo2MDAwMDAwMDAwMDAsImRlbGV0ZSI6MTIwMDAwMDAwMDAwMH0sInNjaGVtYV92ZXJzaW9uIjoiMSJ9",
          "dependencies": [
            "module.networking.aws_vpc.vpc"
          ]
        },
        {
          "index_key": 1,
          "schema_version": 1,
          "attributes": {
            "arn": "arn:aws:ec2:ap-northeast-1:706169056500:subnet/subnet-0e90bbeedc815455c",
            "assign_ipv6_address_on_creation": false,
            "availability_zone": "ap-northeast-1c",
            "availability_zone_id": "apne1-az1",
            "cidr_block": "10.0.2.0/24",
            "customer_owned_ipv4_pool": "",
            "id": "subnet-0e90bbeedc815455c",
            "ipv6_cidr_block": "",
            "ipv6_cidr_block_association_id": "",
            "map_customer_owned_ip_on_launch": false,
            "map_public_ip_on_launch": true,
            "outpost_arn": "",
            "owner_id": "706169056500",
            "tags": {
              "Environment": "production",
              "Name": "production-ap-northeast-1c-public-subnet"
            },
            "tags_all": {
              "Environment": "production",
              "Name": "production-ap-northeast-1c-public-subnet"
            },
            "timeouts": null,
            "vpc_id": "vpc-0298690a46596817f"
          },
          "sensitive_attributes": [],
          "private": "eyJlMmJmYjczMC1lY2FhLTExZTYtOGY4OC0zNDM2M2JjN2M0YzAiOnsiY3JlYXRlIjo2MDAwMDAwMDAwMDAsImRlbGV0ZSI6MTIwMDAwMDAwMDAwMH0sInNjaGVtYV92ZXJzaW9uIjoiMSJ9",
          "dependencies": [
            "module.networking.aws_vpc.vpc"
          ]
        }
      ]
    },
    {
      "module": "module.networking",
      "mode": "managed",
      "type": "aws_vpc",
      "name": "vpc",
      "provider": "provider[\"registry.terraform.io/hashicorp/aws\"]",
      "instances": [
        {
          "schema_version": 1,
          "attributes": {
            "arn": "arn:aws:ec2:ap-northeast-1:706169056500:vpc/vpc-0298690a46596817f",
            "assign_generated_ipv6_cidr_block": false,
            "cidr_block": "10.0.0.0/16",
            "default_network_acl_id": "acl-0d14c201cb74eb83d",
            "default_route_table_id": "rtb-0c6a1250580f4c5c8",
            "default_security_group_id": "sg-0d6f9095a87fd3552",
            "dhcp_options_id": "dopt-04704313bd13d9f66",
            "enable_classiclink": false,
            "enable_classiclink_dns_support": false,
            "enable_dns_hostnames": true,
            "enable_dns_support": true,
            "id": "vpc-0298690a46596817f",
            "instance_tenancy": "default",
            "ipv4_ipam_pool_id": null,
            "ipv4_netmask_length": null,
            "ipv6_association_id": "",
            "ipv6_cidr_block": "",
            "ipv6_ipam_pool_id": null,
            "ipv6_netmask_length": null,
            "main_route_table_id": "rtb-0c6a1250580f4c5c8",
            "owner_id": "706169056500",
            "tags": {
              "Environment": "production",
              "Name": "production-vpc"
            },
            "tags_all": {
              "Environment": "production",
              "Name": "production-vpc"
            }
          },
          "sensitive_attributes": [],
          "private": "eyJzY2hlbWFfdmVyc2lvbiI6IjEifQ==",
          "create_before_destroy": true
        }
      ]
    },
    {
      "module": "module.rds",
      "mode": "managed",
      "type": "aws_db_instance",
      "name": "rds",
      "provider": "provider[\"registry.terraform.io/hashicorp/aws\"]",
      "instances": [
        {
          "schema_version": 1,
          "attributes": {
            "address": "production-database.co8smpv5kged.ap-northeast-1.rds.amazonaws.com",
            "allocated_storage": 20,
            "allow_major_version_upgrade": null,
            "apply_immediately": null,
            "arn": "arn:aws:rds:ap-northeast-1:706169056500:db:production-database",
            "auto_minor_version_upgrade": true,
            "availability_zone": "ap-northeast-1c",
            "backup_retention_period": 0,
            "backup_window": "17:27-17:57",
            "ca_cert_identifier": "rds-ca-2019",
            "character_set_name": "",
            "copy_tags_to_snapshot": false,
            "customer_owned_ip_enabled": false,
            "db_subnet_group_name": "production-rds-subnet-group",
            "delete_automated_backups": true,
            "deletion_protection": false,
            "domain": "",
            "domain_iam_role_name": "",
            "enabled_cloudwatch_logs_exports": [],
            "endpoint": "production-database.co8smpv5kged.ap-northeast-1.rds.amazonaws.com:5432",
            "engine": "postgres",
            "engine_version": "13.3",
            "engine_version_actual": "13.3",
            "final_snapshot_identifier": null,
            "hosted_zone_id": "Z24O6O9L7SGTNB",
            "iam_database_authentication_enabled": false,
            "id": "production-database",
            "identifier": "production-database",
            "identifier_prefix": null,
            "instance_class": "db.t3.micro",
            "iops": 0,
            "kms_key_id": "",
            "latest_restorable_time": "0001-01-01T00:00:00Z",
            "license_model": "postgresql-license",
            "maintenance_window": "mon:18:53-mon:19:23",
            "max_allocated_storage": 0,
            "monitoring_interval": 0,
            "monitoring_role_arn": "",
            "multi_az": false,
            "name": "postgres",
            "nchar_character_set_name": "",
            "option_group_name": "default:postgres-13",
            "parameter_group_name": "default.postgres13",
            "password": "password",
            "performance_insights_enabled": false,
            "performance_insights_kms_key_id": "",
            "performance_insights_retention_period": 0,
            "port": 5432,
            "publicly_accessible": false,
            "replica_mode": "",
            "replicas": [],
            "replicate_source_db": "",
            "resource_id": "db-MTU4YGJKDCT4MGUAFWHUHTJW34",
            "restore_to_point_in_time": [],
            "s3_import": [],
            "security_group_names": [],
            "skip_final_snapshot": true,
            "snapshot_identifier": null,
            "status": "available",
            "storage_encrypted": false,
            "storage_type": "gp2",
            "tags": {
              "Environment": "production"
            },
            "tags_all": {
              "Environment": "production"
            },
            "timeouts": null,
            "timezone": "",
            "username": "postgres",
            "vpc_security_group_ids": [
              "sg-0c07145934b0e675d"
            ]
          },
          "sensitive_attributes": [],
          "private": "eyJlMmJmYjczMC1lY2FhLTExZTYtOGY4OC0zNDM2M2JjN2M0YzAiOnsiY3JlYXRlIjoyNDAwMDAwMDAwMDAwLCJkZWxldGUiOjM2MDAwMDAwMDAwMDAsInVwZGF0ZSI6NDgwMDAwMDAwMDAwMH0sInNjaGVtYV92ZXJzaW9uIjoiMSJ9",
          "dependencies": [
            "module.networking.aws_eip.nat_eip",
            "module.networking.aws_route_table.private",
            "module.networking.aws_subnet.private_subnet",
            "module.rds.aws_security_group.rds_sg",
            "tls_private_key.keygen",
            "module.networking.aws_route_table_association.private",
            "module.networking.aws_route_table_association.public",
            "module.networking.aws_security_group.default",
            "aws_key_pair.key_pair",
            "module.networking.aws_nat_gateway.nat",
            "module.networking.aws_route.private_nat_gateway",
            "module.networking.aws_subnet.public_subnet",
            "module.rds.aws_db_subnet_group.rds_subnet_group",
            "module.rds.aws_security_group.db_access_sg",
            "module.networking.aws_internet_gateway.ig",
            "module.networking.aws_route.public_internet_gateway",
            "module.networking.aws_route_table.public",
            "module.networking.aws_vpc.vpc"
          ]
        }
      ]
    },
    {
      "module": "module.rds",
      "mode": "managed",
      "type": "aws_db_subnet_group",
      "name": "rds_subnet_group",
      "provider": "provider[\"registry.terraform.io/hashicorp/aws\"]",
      "instances": [
        {
          "schema_version": 0,
          "attributes": {
            "arn": "arn:aws:rds:ap-northeast-1:706169056500:subgrp:production-rds-subnet-group",
            "description": "RDS subnet group",
            "id": "production-rds-subnet-group",
            "name": "production-rds-subnet-group",
            "name_prefix": null,
            "subnet_ids": [
              "subnet-018722fee863afca8",
              "subnet-030b6d2c2d295ba0a"
            ],
            "tags": {
              "Environment": "production"
            },
            "tags_all": {
              "Environment": "production"
            }
          },
          "sensitive_attributes": [],
          "private": "bnVsbA==",
          "dependencies": [
            "aws_key_pair.key_pair",
            "module.networking.aws_nat_gateway.nat",
            "module.networking.aws_route_table_association.private",
            "module.networking.aws_route_table.private",
            "module.networking.aws_route_table.public",
            "module.networking.aws_security_group.default",
            "module.networking.aws_subnet.public_subnet",
            "module.networking.aws_internet_gateway.ig",
            "module.networking.aws_route_table_association.public",
            "module.networking.aws_eip.nat_eip",
            "module.networking.aws_route.private_nat_gateway",
            "module.networking.aws_route.public_internet_gateway",
            "module.networking.aws_subnet.private_subnet",
            "module.networking.aws_vpc.vpc",
            "tls_private_key.keygen"
          ]
        }
      ]
    },
    {
      "module": "module.rds",
      "mode": "managed",
      "type": "aws_security_group",
      "name": "db_access_sg",
      "provider": "provider[\"registry.terraform.io/hashicorp/aws\"]",
      "instances": [
        {
          "schema_version": 1,
          "attributes": {
            "arn": "arn:aws:ec2:ap-northeast-1:706169056500:security-group/sg-0f8d287586cfaf6de",
            "description": "Allow access to RDS",
            "egress": [],
            "id": "sg-0f8d287586cfaf6de",
            "ingress": [],
            "name": "production-db-access-sg",
            "name_prefix": "",
            "owner_id": "706169056500",
            "revoke_rules_on_delete": false,
            "tags": {
              "Environment": "production",
              "Name": "production-db-access-sg"
            },
            "tags_all": {
              "Environment": "production",
              "Name": "production-db-access-sg"
            },
            "timeouts": null,
            "vpc_id": "vpc-0298690a46596817f"
          },
          "sensitive_attributes": [],
          "private": "eyJlMmJmYjczMC1lY2FhLTExZTYtOGY4OC0zNDM2M2JjN2M0YzAiOnsiY3JlYXRlIjo2MDAwMDAwMDAwMDAsImRlbGV0ZSI6OTAwMDAwMDAwMDAwfSwic2NoZW1hX3ZlcnNpb24iOiIxIn0=",
          "dependencies": [
            "module.networking.aws_route_table.public",
            "module.networking.aws_route_table_association.private",
            "module.networking.aws_subnet.public_subnet",
            "module.networking.aws_vpc.vpc",
            "module.networking.aws_eip.nat_eip",
            "module.networking.aws_internet_gateway.ig",
            "module.networking.aws_nat_gateway.nat",
            "module.networking.aws_route.public_internet_gateway",
            "module.networking.aws_subnet.private_subnet",
            "module.networking.aws_route_table.private",
            "module.networking.aws_route_table_association.public",
            "module.networking.aws_security_group.default",
            "tls_private_key.keygen",
            "aws_key_pair.key_pair",
            "module.networking.aws_route.private_nat_gateway"
          ]
        }
      ]
    },
    {
      "module": "module.rds",
      "mode": "managed",
      "type": "aws_security_group",
      "name": "rds_sg",
      "provider": "provider[\"registry.terraform.io/hashicorp/aws\"]",
      "instances": [
        {
          "schema_version": 1,
          "attributes": {
            "arn": "arn:aws:ec2:ap-northeast-1:706169056500:security-group/sg-0c07145934b0e675d",
            "description": "production Security Group",
            "egress": [
              {
                "cidr_blocks": [
                  "0.0.0.0/0"
                ],
                "description": "",
                "from_port": 0,
                "ipv6_cidr_blocks": [],
                "prefix_list_ids": [],
                "protocol": "-1",
                "security_groups": [],
                "self": false,
                "to_port": 0
              }
            ],
            "id": "sg-0c07145934b0e675d",
            "ingress": [
              {
                "cidr_blocks": [],
                "description": "",
                "from_port": 0,
                "ipv6_cidr_blocks": [],
                "prefix_list_ids": [],
                "protocol": "-1",
                "security_groups": [],
                "self": true,
                "to_port": 0
              },
              {
                "cidr_blocks": [],
                "description": "",
                "from_port": 5432,
                "ipv6_cidr_blocks": [],
                "prefix_list_ids": [],
                "protocol": "tcp",
                "security_groups": [
                  "sg-0f8d287586cfaf6de"
                ],
                "self": false,
                "to_port": 5432
              }
            ],
            "name": "production-rds-sg",
            "name_prefix": "",
            "owner_id": "706169056500",
            "revoke_rules_on_delete": false,
            "tags": {
              "Environment": "production",
              "Name": "production-rds-sg"
            },
            "tags_all": {
              "Environment": "production",
              "Name": "production-rds-sg"
            },
            "timeouts": null,
            "vpc_id": "vpc-0298690a46596817f"
          },
          "sensitive_attributes": [],
          "private": "eyJlMmJmYjczMC1lY2FhLTExZTYtOGY4OC0zNDM2M2JjN2M0YzAiOnsiY3JlYXRlIjo2MDAwMDAwMDAwMDAsImRlbGV0ZSI6OTAwMDAwMDAwMDAwfSwic2NoZW1hX3ZlcnNpb24iOiIxIn0=",
          "dependencies": [
            "module.networking.aws_route.private_nat_gateway",
            "module.networking.aws_vpc.vpc",
            "tls_private_key.keygen",
            "module.networking.aws_route_table_association.private",
            "module.networking.aws_route_table_association.public",
            "module.networking.aws_route_table.private",
            "module.networking.aws_route_table.public",
            "module.networking.aws_security_group.default",
            "module.networking.aws_eip.nat_eip",
            "module.networking.aws_nat_gateway.nat",
            "module.networking.aws_route.public_internet_gateway",
            "module.networking.aws_subnet.private_subnet",
            "module.networking.aws_subnet.public_subnet",
            "module.rds.aws_security_group.db_access_sg",
            "aws_key_pair.key_pair",
            "module.networking.aws_internet_gateway.ig"
          ]
        }
      ]
    }
  ]
}
